// !$*UTF8*$!
{
	archiveVersion = 1;
	classes = {
	};
	objectVersion = 46;
	objects = {

/* Begin PBXBuildFile section */
		9C05FC7C191CB07D00889724 /* ESFindFriendViewController.m in Sources */ = {isa = PBXBuildFile; fileRef = 9C05FC7B191CB07D00889724 /* ESFindFriendViewController.m */; };
		9C05FC7F191CB3B100889724 /* ESActivityViewController.m in Sources */ = {isa = PBXBuildFile; fileRef = 9C05FC7E191CB3B100889724 /* ESActivityViewController.m */; };
		9C05FC82191CB5F200889724 /* ESSegmentView.m in Sources */ = {isa = PBXBuildFile; fileRef = 9C05FC81191CB5F200889724 /* ESSegmentView.m */; };
		9C05FC85191CEE9400889724 /* ESSettingViewController.m in Sources */ = {isa = PBXBuildFile; fileRef = 9C05FC84191CEE9400889724 /* ESSettingViewController.m */; };
		9C05FC92191D6F2600889724 /* ESOptionSelectViewController.m in Sources */ = {isa = PBXBuildFile; fileRef = 9C05FC91191D6F2600889724 /* ESOptionSelectViewController.m */; };
		9C108DF319003F79004CD572 /* UIColor+RExtension.m in Sources */ = {isa = PBXBuildFile; fileRef = 9C108DF219003F79004CD572 /* UIColor+RExtension.m */; };
		9C108DF619004815004CD572 /* UIFont+ES.m in Sources */ = {isa = PBXBuildFile; fileRef = 9C108DF519004815004CD572 /* UIFont+ES.m */; };
		9C108DF919004B7E004CD572 /* ESNavigationController.m in Sources */ = {isa = PBXBuildFile; fileRef = 9C108DF819004B7E004CD572 /* ESNavigationController.m */; };
		9C108DFC1900514A004CD572 /* ESSiderMiddleBaseViewController.m in Sources */ = {isa = PBXBuildFile; fileRef = 9C108DFB1900514A004CD572 /* ESSiderMiddleBaseViewController.m */; };
		9C108DFF19005601004CD572 /* ESFriendViewController.m in Sources */ = {isa = PBXBuildFile; fileRef = 9C108DFE19005601004CD572 /* ESFriendViewController.m */; };
		9C108E02190060DA004CD572 /* ESShareViewController.m in Sources */ = {isa = PBXBuildFile; fileRef = 9C108E01190060DA004CD572 /* ESShareViewController.m */; };
		9C1AC7B918FADB5D009EAB1F /* ESSignUpViewController.m in Sources */ = {isa = PBXBuildFile; fileRef = 9C1AC7B818FADB5D009EAB1F /* ESSignUpViewController.m */; };
		9C1AC7BC18FADFB3009EAB1F /* UIViewController+ES.m in Sources */ = {isa = PBXBuildFile; fileRef = 9C1AC7BB18FADFB3009EAB1F /* UIViewController+ES.m */; };
		9C1AC7BF18FAE177009EAB1F /* ESFindPasswordViewController.m in Sources */ = {isa = PBXBuildFile; fileRef = 9C1AC7BE18FAE177009EAB1F /* ESFindPasswordViewController.m */; };
		9C349EE8193C88D300D89C0D /* SpriteKit.framework in Frameworks */ = {isa = PBXBuildFile; fileRef = 9C349EE7193C88D300D89C0D /* SpriteKit.framework */; };
		9C349EEA193C92A300D89C0D /* OpenGLES.framework in Frameworks */ = {isa = PBXBuildFile; fileRef = 9C349EE9193C92A300D89C0D /* OpenGLES.framework */; };
		9C349EED193CB06A00D89C0D /* MRRope.m in Sources */ = {isa = PBXBuildFile; fileRef = 9C349EEC193CB06A00D89C0D /* MRRope.m */; };
		9C44685C193C15ED0066A1FF /* ESPersonalViewController.m in Sources */ = {isa = PBXBuildFile; fileRef = 9C44685B193C15ED0066A1FF /* ESPersonalViewController.m */; };
		9C44685F193C199B0066A1FF /* ESActivityViewDataCell.m in Sources */ = {isa = PBXBuildFile; fileRef = 9C44685E193C199B0066A1FF /* ESActivityViewDataCell.m */; };
		9C446862193C4F610066A1FF /* ESMoreFriendTableViewController.m in Sources */ = {isa = PBXBuildFile; fileRef = 9C446861193C4F610066A1FF /* ESMoreFriendTableViewController.m */; };
		9C5457AF19351E8500C6C546 /* ESTrafficExchangeViewController.m in Sources */ = {isa = PBXBuildFile; fileRef = 9C5457AE19351E8500C6C546 /* ESTrafficExchangeViewController.m */; };
		9C782688192A824E00D01BB5 /* ESChartView.m in Sources */ = {isa = PBXBuildFile; fileRef = 9C782687192A824E00D01BB5 /* ESChartView.m */; };
		9C782699192FCED900D01BB5 /* ESTheHotViewController.m in Sources */ = {isa = PBXBuildFile; fileRef = 9C782698192FCED900D01BB5 /* ESTheHotViewController.m */; };
		9C78269B192FD3EE00D01BB5 /* MapKit.framework in Frameworks */ = {isa = PBXBuildFile; fileRef = 9C78269A192FD3EE00D01BB5 /* MapKit.framework */; };
		9C78269E192FD99500D01BB5 /* ESMyTripViewController.m in Sources */ = {isa = PBXBuildFile; fileRef = 9C78269D192FD99500D01BB5 /* ESMyTripViewController.m */; };
		9C7826A1192FDB1C00D01BB5 /* ESTripCell.m in Sources */ = {isa = PBXBuildFile; fileRef = 9C7826A0192FDB1C00D01BB5 /* ESTripCell.m */; };
		9C98877C1A6C076E00AF4CFC /* MMDrawerBarButtonItem.m in Sources */ = {isa = PBXBuildFile; fileRef = 9C9887741A6C076E00AF4CFC /* MMDrawerBarButtonItem.m */; };
		9C98877D1A6C076E00AF4CFC /* MMDrawerController.m in Sources */ = {isa = PBXBuildFile; fileRef = 9C9887771A6C076E00AF4CFC /* MMDrawerController.m */; };
		9C98877E1A6C076E00AF4CFC /* MMDrawerVisualState.m in Sources */ = {isa = PBXBuildFile; fileRef = 9C9887791A6C076E00AF4CFC /* MMDrawerVisualState.m */; };
		9C98877F1A6C076E00AF4CFC /* UIViewController+MMDrawerController.m in Sources */ = {isa = PBXBuildFile; fileRef = 9C98877B1A6C076E00AF4CFC /* UIViewController+MMDrawerController.m */; };
		9CAB50AA19324B5300E21574 /* ESPlaceInputViewController.m in Sources */ = {isa = PBXBuildFile; fileRef = 9CAB50A919324B5300E21574 /* ESPlaceInputViewController.m */; };
		9CC16AB818FBBBE2004D3F8A /* ESViewController.m in Sources */ = {isa = PBXBuildFile; fileRef = 9CC16AB718FBBBE2004D3F8A /* ESViewController.m */; };
		9CC16ABB18FBBC13004D3F8A /* RTSiderViewController.m in Sources */ = {isa = PBXBuildFile; fileRef = 9CC16ABA18FBBC13004D3F8A /* RTSiderViewController.m */; };
		9CC16ABE18FBBEEC004D3F8A /* ESMenuViewController.m in Sources */ = {isa = PBXBuildFile; fileRef = 9CC16ABD18FBBEEC004D3F8A /* ESMenuViewController.m */; };
		9CC16AC118FBC000004D3F8A /* ESHomeViewController.m in Sources */ = {isa = PBXBuildFile; fileRef = 9CC16AC018FBC000004D3F8A /* ESHomeViewController.m */; };
		9CC16AC618FBC101004D3F8A /* ProgressHUD.bundle in Resources */ = {isa = PBXBuildFile; fileRef = 9CC16AC318FBC101004D3F8A /* ProgressHUD.bundle */; };
		9CC16AC718FBC101004D3F8A /* ProgressHUD.m in Sources */ = {isa = PBXBuildFile; fileRef = 9CC16AC518FBC101004D3F8A /* ProgressHUD.m */; };
		9CC16ACA18FBC7EB004D3F8A /* ESHeaderButton.m in Sources */ = {isa = PBXBuildFile; fileRef = 9CC16AC918FBC7EB004D3F8A /* ESHeaderButton.m */; };
		9CC21F0A1938AE2D00072F4B /* TrafficExchangeHeader.xib in Resources */ = {isa = PBXBuildFile; fileRef = 9CC21F091938AE2D00072F4B /* TrafficExchangeHeader.xib */; };
		9CD7A68A18EDDA7800641DA9 /* Foundation.framework in Frameworks */ = {isa = PBXBuildFile; fileRef = 9CD7A68918EDDA7800641DA9 /* Foundation.framework */; };
		9CD7A68C18EDDA7800641DA9 /* CoreGraphics.framework in Frameworks */ = {isa = PBXBuildFile; fileRef = 9CD7A68B18EDDA7800641DA9 /* CoreGraphics.framework */; };
		9CD7A68E18EDDA7800641DA9 /* UIKit.framework in Frameworks */ = {isa = PBXBuildFile; fileRef = 9CD7A68D18EDDA7800641DA9 /* UIKit.framework */; };
		9CD7A69418EDDA7800641DA9 /* InfoPlist.strings in Resources */ = {isa = PBXBuildFile; fileRef = 9CD7A69218EDDA7800641DA9 /* InfoPlist.strings */; };
		9CD7A69618EDDA7800641DA9 /* main.m in Sources */ = {isa = PBXBuildFile; fileRef = 9CD7A69518EDDA7800641DA9 /* main.m */; };
		9CD7A69A18EDDA7800641DA9 /* ESAppDelegate.m in Sources */ = {isa = PBXBuildFile; fileRef = 9CD7A69918EDDA7800641DA9 /* ESAppDelegate.m */; };
		9CD7A69C18EDDA7800641DA9 /* Images.xcassets in Resources */ = {isa = PBXBuildFile; fileRef = 9CD7A69B18EDDA7800641DA9 /* Images.xcassets */; };
		9CD7A6A318EDDA7800641DA9 /* XCTest.framework in Frameworks */ = {isa = PBXBuildFile; fileRef = 9CD7A6A218EDDA7800641DA9 /* XCTest.framework */; };
		9CD7A6A418EDDA7800641DA9 /* Foundation.framework in Frameworks */ = {isa = PBXBuildFile; fileRef = 9CD7A68918EDDA7800641DA9 /* Foundation.framework */; };
		9CD7A6A518EDDA7800641DA9 /* UIKit.framework in Frameworks */ = {isa = PBXBuildFile; fileRef = 9CD7A68D18EDDA7800641DA9 /* UIKit.framework */; };
		9CD7A6AD18EDDA7800641DA9 /* InfoPlist.strings in Resources */ = {isa = PBXBuildFile; fileRef = 9CD7A6AB18EDDA7800641DA9 /* InfoPlist.strings */; };
		9CD7A6AF18EDDA7800641DA9 /* EasayTests.m in Sources */ = {isa = PBXBuildFile; fileRef = 9CD7A6AE18EDDA7800641DA9 /* EasayTests.m */; };
		9CD7A6BA18EDDCCA00641DA9 /* Nexa Bold.otf in Resources */ = {isa = PBXBuildFile; fileRef = 9CD7A6B818EDDCCA00641DA9 /* Nexa Bold.otf */; };
		9CD7A6BB18EDDCCA00641DA9 /* Nexa Light.otf in Resources */ = {isa = PBXBuildFile; fileRef = 9CD7A6B918EDDCCA00641DA9 /* Nexa Light.otf */; };
		9CD7A6BD18EDDD9100641DA9 /* Main.storyboard in Resources */ = {isa = PBXBuildFile; fileRef = 9CD7A6BC18EDDD9100641DA9 /* Main.storyboard */; };
		9CD7A6C018EDE1CC00641DA9 /* ESBoldLabel.m in Sources */ = {isa = PBXBuildFile; fileRef = 9CD7A6BF18EDE1CC00641DA9 /* ESBoldLabel.m */; };
		9CD7A6C318EDE6F400641DA9 /* ESLoginViewController.m in Sources */ = {isa = PBXBuildFile; fileRef = 9CD7A6C218EDE6F400641DA9 /* ESLoginViewController.m */; };
		9CD7A6C618EDF06A00641DA9 /* ESTextField.m in Sources */ = {isa = PBXBuildFile; fileRef = 9CD7A6C518EDF06A00641DA9 /* ESTextField.m */; };
		9CD7A6C818EDFFE400641DA9 /* iTunesArtwork in Resources */ = {isa = PBXBuildFile; fileRef = 9CD7A6C718EDFFE400641DA9 /* iTunesArtwork */; };
		9CE36877191E6CF2003F064D /* ESPrivacyCell.m in Sources */ = {isa = PBXBuildFile; fileRef = 9CE36876191E6CF2003F064D /* ESPrivacyCell.m */; };
		9CE3687A191E7625003F064D /* ESSetNameViewController.m in Sources */ = {isa = PBXBuildFile; fileRef = 9CE36879191E7625003F064D /* ESSetNameViewController.m */; };
		9CEEF67F19269CF1009018D3 /* ESWeekDataView.m in Sources */ = {isa = PBXBuildFile; fileRef = 9CEEF67E19269CF1009018D3 /* ESWeekDataView.m */; };
		9CEEF6821926AAA1009018D3 /* ESUnderLineButton.m in Sources */ = {isa = PBXBuildFile; fileRef = 9CEEF6811926AAA0009018D3 /* ESUnderLineButton.m */; };
/* End PBXBuildFile section */

/* Begin PBXContainerItemProxy section */
		9CD7A6A618EDDA7800641DA9 /* PBXContainerItemProxy */ = {
			isa = PBXContainerItemProxy;
			containerPortal = 9CD7A67E18EDDA7800641DA9 /* Project object */;
			proxyType = 1;
			remoteGlobalIDString = 9CD7A68518EDDA7800641DA9;
			remoteInfo = Easay;
		};
/* End PBXContainerItemProxy section */

/* Begin PBXFileReference section */
		9C05FC7A191CB07D00889724 /* ESFindFriendViewController.h */ = {isa = PBXFileReference; fileEncoding = 4; lastKnownFileType = sourcecode.c.h; path = ESFindFriendViewController.h; sourceTree = "<group>"; };
		9C05FC7B191CB07D00889724 /* ESFindFriendViewController.m */ = {isa = PBXFileReference; fileEncoding = 4; lastKnownFileType = sourcecode.c.objc; path = ESFindFriendViewController.m; sourceTree = "<group>"; };
		9C05FC7D191CB3B100889724 /* ESActivityViewController.h */ = {isa = PBXFileReference; fileEncoding = 4; lastKnownFileType = sourcecode.c.h; path = ESActivityViewController.h; sourceTree = "<group>"; };
		9C05FC7E191CB3B100889724 /* ESActivityViewController.m */ = {isa = PBXFileReference; fileEncoding = 4; lastKnownFileType = sourcecode.c.objc; path = ESActivityViewController.m; sourceTree = "<group>"; };
		9C05FC80191CB5F200889724 /* ESSegmentView.h */ = {isa = PBXFileReference; fileEncoding = 4; lastKnownFileType = sourcecode.c.h; path = ESSegmentView.h; sourceTree = "<group>"; };
		9C05FC81191CB5F200889724 /* ESSegmentView.m */ = {isa = PBXFileReference; fileEncoding = 4; lastKnownFileType = sourcecode.c.objc; path = ESSegmentView.m; sourceTree = "<group>"; };
		9C05FC83191CEE9400889724 /* ESSettingViewController.h */ = {isa = PBXFileReference; fileEncoding = 4; lastKnownFileType = sourcecode.c.h; path = ESSettingViewController.h; sourceTree = "<group>"; };
		9C05FC84191CEE9400889724 /* ESSettingViewController.m */ = {isa = PBXFileReference; fileEncoding = 4; lastKnownFileType = sourcecode.c.objc; path = ESSettingViewController.m; sourceTree = "<group>"; };
		9C05FC90191D6F2500889724 /* ESOptionSelectViewController.h */ = {isa = PBXFileReference; fileEncoding = 4; lastKnownFileType = sourcecode.c.h; path = ESOptionSelectViewController.h; sourceTree = "<group>"; };
		9C05FC91191D6F2600889724 /* ESOptionSelectViewController.m */ = {isa = PBXFileReference; fileEncoding = 4; lastKnownFileType = sourcecode.c.objc; path = ESOptionSelectViewController.m; sourceTree = "<group>"; };
		9C108DF119003F79004CD572 /* UIColor+RExtension.h */ = {isa = PBXFileReference; fileEncoding = 4; lastKnownFileType = sourcecode.c.h; path = "UIColor+RExtension.h"; sourceTree = "<group>"; };
		9C108DF219003F79004CD572 /* UIColor+RExtension.m */ = {isa = PBXFileReference; fileEncoding = 4; lastKnownFileType = sourcecode.c.objc; path = "UIColor+RExtension.m"; sourceTree = "<group>"; };
		9C108DF419004815004CD572 /* UIFont+ES.h */ = {isa = PBXFileReference; fileEncoding = 4; lastKnownFileType = sourcecode.c.h; path = "UIFont+ES.h"; sourceTree = "<group>"; };
		9C108DF519004815004CD572 /* UIFont+ES.m */ = {isa = PBXFileReference; fileEncoding = 4; lastKnownFileType = sourcecode.c.objc; path = "UIFont+ES.m"; sourceTree = "<group>"; };
		9C108DF719004B7E004CD572 /* ESNavigationController.h */ = {isa = PBXFileReference; fileEncoding = 4; lastKnownFileType = sourcecode.c.h; path = ESNavigationController.h; sourceTree = "<group>"; };
		9C108DF819004B7E004CD572 /* ESNavigationController.m */ = {isa = PBXFileReference; fileEncoding = 4; lastKnownFileType = sourcecode.c.objc; path = ESNavigationController.m; sourceTree = "<group>"; };
		9C108DFA1900514A004CD572 /* ESSiderMiddleBaseViewController.h */ = {isa = PBXFileReference; fileEncoding = 4; lastKnownFileType = sourcecode.c.h; path = ESSiderMiddleBaseViewController.h; sourceTree = "<group>"; };
		9C108DFB1900514A004CD572 /* ESSiderMiddleBaseViewController.m */ = {isa = PBXFileReference; fileEncoding = 4; lastKnownFileType = sourcecode.c.objc; path = ESSiderMiddleBaseViewController.m; sourceTree = "<group>"; };
		9C108DFD19005601004CD572 /* ESFriendViewController.h */ = {isa = PBXFileReference; fileEncoding = 4; lastKnownFileType = sourcecode.c.h; path = ESFriendViewController.h; sourceTree = "<group>"; };
		9C108DFE19005601004CD572 /* ESFriendViewController.m */ = {isa = PBXFileReference; fileEncoding = 4; lastKnownFileType = sourcecode.c.objc; path = ESFriendViewController.m; sourceTree = "<group>"; };
		9C108E00190060DA004CD572 /* ESShareViewController.h */ = {isa = PBXFileReference; fileEncoding = 4; lastKnownFileType = sourcecode.c.h; path = ESShareViewController.h; sourceTree = "<group>"; };
		9C108E01190060DA004CD572 /* ESShareViewController.m */ = {isa = PBXFileReference; fileEncoding = 4; lastKnownFileType = sourcecode.c.objc; path = ESShareViewController.m; sourceTree = "<group>"; };
		9C1AC7B718FADB5D009EAB1F /* ESSignUpViewController.h */ = {isa = PBXFileReference; fileEncoding = 4; lastKnownFileType = sourcecode.c.h; path = ESSignUpViewController.h; sourceTree = "<group>"; };
		9C1AC7B818FADB5D009EAB1F /* ESSignUpViewController.m */ = {isa = PBXFileReference; fileEncoding = 4; lastKnownFileType = sourcecode.c.objc; path = ESSignUpViewController.m; sourceTree = "<group>"; };
		9C1AC7BA18FADFB3009EAB1F /* UIViewController+ES.h */ = {isa = PBXFileReference; fileEncoding = 4; lastKnownFileType = sourcecode.c.h; path = "UIViewController+ES.h"; sourceTree = "<group>"; };
		9C1AC7BB18FADFB3009EAB1F /* UIViewController+ES.m */ = {isa = PBXFileReference; fileEncoding = 4; lastKnownFileType = sourcecode.c.objc; path = "UIViewController+ES.m"; sourceTree = "<group>"; };
		9C1AC7BD18FAE177009EAB1F /* ESFindPasswordViewController.h */ = {isa = PBXFileReference; fileEncoding = 4; lastKnownFileType = sourcecode.c.h; path = ESFindPasswordViewController.h; sourceTree = "<group>"; };
		9C1AC7BE18FAE177009EAB1F /* ESFindPasswordViewController.m */ = {isa = PBXFileReference; fileEncoding = 4; lastKnownFileType = sourcecode.c.objc; path = ESFindPasswordViewController.m; sourceTree = "<group>"; };
		9C349EE7193C88D300D89C0D /* SpriteKit.framework */ = {isa = PBXFileReference; lastKnownFileType = wrapper.framework; name = SpriteKit.framework; path = System/Library/Frameworks/SpriteKit.framework; sourceTree = SDKROOT; };
		9C349EE9193C92A300D89C0D /* OpenGLES.framework */ = {isa = PBXFileReference; lastKnownFileType = wrapper.framework; name = OpenGLES.framework; path = System/Library/Frameworks/OpenGLES.framework; sourceTree = SDKROOT; };
		9C349EEB193CB06A00D89C0D /* MRRope.h */ = {isa = PBXFileReference; fileEncoding = 4; lastKnownFileType = sourcecode.c.h; path = MRRope.h; sourceTree = "<group>"; };
		9C349EEC193CB06A00D89C0D /* MRRope.m */ = {isa = PBXFileReference; fileEncoding = 4; lastKnownFileType = sourcecode.c.objc; path = MRRope.m; sourceTree = "<group>"; };
		9C44685A193C15ED0066A1FF /* ESPersonalViewController.h */ = {isa = PBXFileReference; fileEncoding = 4; lastKnownFileType = sourcecode.c.h; path = ESPersonalViewController.h; sourceTree = "<group>"; };
		9C44685B193C15ED0066A1FF /* ESPersonalViewController.m */ = {isa = PBXFileReference; fileEncoding = 4; lastKnownFileType = sourcecode.c.objc; path = ESPersonalViewController.m; sourceTree = "<group>"; };
		9C44685D193C199B0066A1FF /* ESActivityViewDataCell.h */ = {isa = PBXFileReference; fileEncoding = 4; lastKnownFileType = sourcecode.c.h; path = ESActivityViewDataCell.h; sourceTree = "<group>"; };
		9C44685E193C199B0066A1FF /* ESActivityViewDataCell.m */ = {isa = PBXFileReference; fileEncoding = 4; lastKnownFileType = sourcecode.c.objc; path = ESActivityViewDataCell.m; sourceTree = "<group>"; };
		9C446860193C4F610066A1FF /* ESMoreFriendTableViewController.h */ = {isa = PBXFileReference; fileEncoding = 4; lastKnownFileType = sourcecode.c.h; path = ESMoreFriendTableViewController.h; sourceTree = "<group>"; };
		9C446861193C4F610066A1FF /* ESMoreFriendTableViewController.m */ = {isa = PBXFileReference; fileEncoding = 4; lastKnownFileType = sourcecode.c.objc; path = ESMoreFriendTableViewController.m; sourceTree = "<group>"; };
		9C5457AD19351E8500C6C546 /* ESTrafficExchangeViewController.h */ = {isa = PBXFileReference; fileEncoding = 4; lastKnownFileType = sourcecode.c.h; path = ESTrafficExchangeViewController.h; sourceTree = "<group>"; };
		9C5457AE19351E8500C6C546 /* ESTrafficExchangeViewController.m */ = {isa = PBXFileReference; fileEncoding = 4; lastKnownFileType = sourcecode.c.objc; path = ESTrafficExchangeViewController.m; sourceTree = "<group>"; };
		9C782686192A824E00D01BB5 /* ESChartView.h */ = {isa = PBXFileReference; fileEncoding = 4; lastKnownFileType = sourcecode.c.h; path = ESChartView.h; sourceTree = "<group>"; };
		9C782687192A824E00D01BB5 /* ESChartView.m */ = {isa = PBXFileReference; fileEncoding = 4; lastKnownFileType = sourcecode.c.objc; path = ESChartView.m; sourceTree = "<group>"; };
		9C782697192FCED900D01BB5 /* ESTheHotViewController.h */ = {isa = PBXFileReference; fileEncoding = 4; lastKnownFileType = sourcecode.c.h; path = ESTheHotViewController.h; sourceTree = "<group>"; };
		9C782698192FCED900D01BB5 /* ESTheHotViewController.m */ = {isa = PBXFileReference; fileEncoding = 4; lastKnownFileType = sourcecode.c.objc; path = ESTheHotViewController.m; sourceTree = "<group>"; };
		9C78269A192FD3EE00D01BB5 /* MapKit.framework */ = {isa = PBXFileReference; lastKnownFileType = wrapper.framework; name = MapKit.framework; path = System/Library/Frameworks/MapKit.framework; sourceTree = SDKROOT; };
		9C78269C192FD99500D01BB5 /* ESMyTripViewController.h */ = {isa = PBXFileReference; fileEncoding = 4; lastKnownFileType = sourcecode.c.h; path = ESMyTripViewController.h; sourceTree = "<group>"; };
		9C78269D192FD99500D01BB5 /* ESMyTripViewController.m */ = {isa = PBXFileReference; fileEncoding = 4; lastKnownFileType = sourcecode.c.objc; path = ESMyTripViewController.m; sourceTree = "<group>"; };
		9C78269F192FDB1C00D01BB5 /* ESTripCell.h */ = {isa = PBXFileReference; fileEncoding = 4; lastKnownFileType = sourcecode.c.h; path = ESTripCell.h; sourceTree = "<group>"; };
		9C7826A0192FDB1C00D01BB5 /* ESTripCell.m */ = {isa = PBXFileReference; fileEncoding = 4; lastKnownFileType = sourcecode.c.objc; path = ESTripCell.m; sourceTree = "<group>"; };
		9C9887731A6C076E00AF4CFC /* MMDrawerBarButtonItem.h */ = {isa = PBXFileReference; fileEncoding = 4; lastKnownFileType = sourcecode.c.h; path = MMDrawerBarButtonItem.h; sourceTree = "<group>"; };
		9C9887741A6C076E00AF4CFC /* MMDrawerBarButtonItem.m */ = {isa = PBXFileReference; fileEncoding = 4; lastKnownFileType = sourcecode.c.objc; path = MMDrawerBarButtonItem.m; sourceTree = "<group>"; };
		9C9887751A6C076E00AF4CFC /* MMDrawerController+Subclass.h */ = {isa = PBXFileReference; fileEncoding = 4; lastKnownFileType = sourcecode.c.h; path = "MMDrawerController+Subclass.h"; sourceTree = "<group>"; };
		9C9887761A6C076E00AF4CFC /* MMDrawerController.h */ = {isa = PBXFileReference; fileEncoding = 4; lastKnownFileType = sourcecode.c.h; path = MMDrawerController.h; sourceTree = "<group>"; };
		9C9887771A6C076E00AF4CFC /* MMDrawerController.m */ = {isa = PBXFileReference; fileEncoding = 4; lastKnownFileType = sourcecode.c.objc; path = MMDrawerController.m; sourceTree = "<group>"; };
		9C9887781A6C076E00AF4CFC /* MMDrawerVisualState.h */ = {isa = PBXFileReference; fileEncoding = 4; lastKnownFileType = sourcecode.c.h; path = MMDrawerVisualState.h; sourceTree = "<group>"; };
		9C9887791A6C076E00AF4CFC /* MMDrawerVisualState.m */ = {isa = PBXFileReference; fileEncoding = 4; lastKnownFileType = sourcecode.c.objc; path = MMDrawerVisualState.m; sourceTree = "<group>"; };
		9C98877A1A6C076E00AF4CFC /* UIViewController+MMDrawerController.h */ = {isa = PBXFileReference; fileEncoding = 4; lastKnownFileType = sourcecode.c.h; path = "UIViewController+MMDrawerController.h"; sourceTree = "<group>"; };
		9C98877B1A6C076E00AF4CFC /* UIViewController+MMDrawerController.m */ = {isa = PBXFileReference; fileEncoding = 4; lastKnownFileType = sourcecode.c.objc; path = "UIViewController+MMDrawerController.m"; sourceTree = "<group>"; };
		9CAB50A819324B5300E21574 /* ESPlaceInputViewController.h */ = {isa = PBXFileReference; fileEncoding = 4; lastKnownFileType = sourcecode.c.h; path = ESPlaceInputViewController.h; sourceTree = "<group>"; };
		9CAB50A919324B5300E21574 /* ESPlaceInputViewController.m */ = {isa = PBXFileReference; fileEncoding = 4; lastKnownFileType = sourcecode.c.objc; path = ESPlaceInputViewController.m; sourceTree = "<group>"; };
		9CC16AB618FBBBE2004D3F8A /* ESViewController.h */ = {isa = PBXFileReference; fileEncoding = 4; lastKnownFileType = sourcecode.c.h; path = ESViewController.h; sourceTree = "<group>"; };
		9CC16AB718FBBBE2004D3F8A /* ESViewController.m */ = {isa = PBXFileReference; fileEncoding = 4; lastKnownFileType = sourcecode.c.objc; path = ESViewController.m; sourceTree = "<group>"; };
		9CC16AB918FBBC13004D3F8A /* RTSiderViewController.h */ = {isa = PBXFileReference; fileEncoding = 4; lastKnownFileType = sourcecode.c.h; path = RTSiderViewController.h; sourceTree = "<group>"; };
		9CC16ABA18FBBC13004D3F8A /* RTSiderViewController.m */ = {isa = PBXFileReference; fileEncoding = 4; lastKnownFileType = sourcecode.c.objc; path = RTSiderViewController.m; sourceTree = "<group>"; };
		9CC16ABC18FBBEEC004D3F8A /* ESMenuViewController.h */ = {isa = PBXFileReference; fileEncoding = 4; lastKnownFileType = sourcecode.c.h; path = ESMenuViewController.h; sourceTree = "<group>"; };
		9CC16ABD18FBBEEC004D3F8A /* ESMenuViewController.m */ = {isa = PBXFileReference; fileEncoding = 4; lastKnownFileType = sourcecode.c.objc; path = ESMenuViewController.m; sourceTree = "<group>"; };
		9CC16ABF18FBC000004D3F8A /* ESHomeViewController.h */ = {isa = PBXFileReference; fileEncoding = 4; lastKnownFileType = sourcecode.c.h; path = ESHomeViewController.h; sourceTree = "<group>"; };
		9CC16AC018FBC000004D3F8A /* ESHomeViewController.m */ = {isa = PBXFileReference; fileEncoding = 4; lastKnownFileType = sourcecode.c.objc; path = ESHomeViewController.m; sourceTree = "<group>"; };
		9CC16AC318FBC101004D3F8A /* ProgressHUD.bundle */ = {isa = PBXFileReference; lastKnownFileType = "wrapper.plug-in"; path = ProgressHUD.bundle; sourceTree = "<group>"; };
		9CC16AC418FBC101004D3F8A /* ProgressHUD.h */ = {isa = PBXFileReference; fileEncoding = 4; lastKnownFileType = sourcecode.c.h; path = ProgressHUD.h; sourceTree = "<group>"; };
		9CC16AC518FBC101004D3F8A /* ProgressHUD.m */ = {isa = PBXFileReference; fileEncoding = 4; lastKnownFileType = sourcecode.c.objc; path = ProgressHUD.m; sourceTree = "<group>"; };
		9CC16AC818FBC7EB004D3F8A /* ESHeaderButton.h */ = {isa = PBXFileReference; fileEncoding = 4; lastKnownFileType = sourcecode.c.h; path = ESHeaderButton.h; sourceTree = "<group>"; };
		9CC16AC918FBC7EB004D3F8A /* ESHeaderButton.m */ = {isa = PBXFileReference; fileEncoding = 4; lastKnownFileType = sourcecode.c.objc; path = ESHeaderButton.m; sourceTree = "<group>"; };
		9CC21F091938AE2D00072F4B /* TrafficExchangeHeader.xib */ = {isa = PBXFileReference; fileEncoding = 4; lastKnownFileType = file.xib; path = TrafficExchangeHeader.xib; sourceTree = "<group>"; };
		9CD7A68618EDDA7800641DA9 /* Easay.app */ = {isa = PBXFileReference; explicitFileType = wrapper.application; includeInIndex = 0; path = Easay.app; sourceTree = BUILT_PRODUCTS_DIR; };
		9CD7A68918EDDA7800641DA9 /* Foundation.framework */ = {isa = PBXFileReference; lastKnownFileType = wrapper.framework; name = Foundation.framework; path = System/Library/Frameworks/Foundation.framework; sourceTree = SDKROOT; };
		9CD7A68B18EDDA7800641DA9 /* CoreGraphics.framework */ = {isa = PBXFileReference; lastKnownFileType = wrapper.framework; name = CoreGraphics.framework; path = System/Library/Frameworks/CoreGraphics.framework; sourceTree = SDKROOT; };
		9CD7A68D18EDDA7800641DA9 /* UIKit.framework */ = {isa = PBXFileReference; lastKnownFileType = wrapper.framework; name = UIKit.framework; path = System/Library/Frameworks/UIKit.framework; sourceTree = SDKROOT; };
		9CD7A69118EDDA7800641DA9 /* Easay-Info.plist */ = {isa = PBXFileReference; lastKnownFileType = text.plist.xml; path = "Easay-Info.plist"; sourceTree = "<group>"; };
		9CD7A69318EDDA7800641DA9 /* en */ = {isa = PBXFileReference; lastKnownFileType = text.plist.strings; name = en; path = en.lproj/InfoPlist.strings; sourceTree = "<group>"; };
		9CD7A69518EDDA7800641DA9 /* main.m */ = {isa = PBXFileReference; lastKnownFileType = sourcecode.c.objc; path = main.m; sourceTree = "<group>"; };
		9CD7A69718EDDA7800641DA9 /* Easay-Prefix.pch */ = {isa = PBXFileReference; lastKnownFileType = sourcecode.c.h; path = "Easay-Prefix.pch"; sourceTree = "<group>"; };
		9CD7A69818EDDA7800641DA9 /* ESAppDelegate.h */ = {isa = PBXFileReference; lastKnownFileType = sourcecode.c.h; path = ESAppDelegate.h; sourceTree = "<group>"; };
		9CD7A69918EDDA7800641DA9 /* ESAppDelegate.m */ = {isa = PBXFileReference; lastKnownFileType = sourcecode.c.objc; path = ESAppDelegate.m; sourceTree = "<group>"; };
		9CD7A69B18EDDA7800641DA9 /* Images.xcassets */ = {isa = PBXFileReference; lastKnownFileType = folder.assetcatalog; path = Images.xcassets; sourceTree = "<group>"; };
		9CD7A6A118EDDA7800641DA9 /* EasayTests.xctest */ = {isa = PBXFileReference; explicitFileType = wrapper.cfbundle; includeInIndex = 0; path = EasayTests.xctest; sourceTree = BUILT_PRODUCTS_DIR; };
		9CD7A6A218EDDA7800641DA9 /* XCTest.framework */ = {isa = PBXFileReference; lastKnownFileType = wrapper.framework; name = XCTest.framework; path = Library/Frameworks/XCTest.framework; sourceTree = DEVELOPER_DIR; };
		9CD7A6AA18EDDA7800641DA9 /* EasayTests-Info.plist */ = {isa = PBXFileReference; lastKnownFileType = text.plist.xml; path = "EasayTests-Info.plist"; sourceTree = "<group>"; };
		9CD7A6AC18EDDA7800641DA9 /* en */ = {isa = PBXFileReference; lastKnownFileType = text.plist.strings; name = en; path = en.lproj/InfoPlist.strings; sourceTree = "<group>"; };
		9CD7A6AE18EDDA7800641DA9 /* EasayTests.m */ = {isa = PBXFileReference; lastKnownFileType = sourcecode.c.objc; path = EasayTests.m; sourceTree = "<group>"; };
		9CD7A6B818EDDCCA00641DA9 /* Nexa Bold.otf */ = {isa = PBXFileReference; lastKnownFileType = file; path = "Nexa Bold.otf"; sourceTree = "<group>"; };
		9CD7A6B918EDDCCA00641DA9 /* Nexa Light.otf */ = {isa = PBXFileReference; lastKnownFileType = file; path = "Nexa Light.otf"; sourceTree = "<group>"; };
		9CD7A6BC18EDDD9100641DA9 /* Main.storyboard */ = {isa = PBXFileReference; fileEncoding = 4; lastKnownFileType = file.storyboard; path = Main.storyboard; sourceTree = "<group>"; };
		9CD7A6BE18EDE1CC00641DA9 /* ESBoldLabel.h */ = {isa = PBXFileReference; fileEncoding = 4; lastKnownFileType = sourcecode.c.h; path = ESBoldLabel.h; sourceTree = "<group>"; };
		9CD7A6BF18EDE1CC00641DA9 /* ESBoldLabel.m */ = {isa = PBXFileReference; fileEncoding = 4; lastKnownFileType = sourcecode.c.objc; path = ESBoldLabel.m; sourceTree = "<group>"; };
		9CD7A6C118EDE6F400641DA9 /* ESLoginViewController.h */ = {isa = PBXFileReference; fileEncoding = 4; lastKnownFileType = sourcecode.c.h; path = ESLoginViewController.h; sourceTree = "<group>"; };
		9CD7A6C218EDE6F400641DA9 /* ESLoginViewController.m */ = {isa = PBXFileReference; fileEncoding = 4; lastKnownFileType = sourcecode.c.objc; path = ESLoginViewController.m; sourceTree = "<group>"; };
		9CD7A6C418EDF06A00641DA9 /* ESTextField.h */ = {isa = PBXFileReference; fileEncoding = 4; lastKnownFileType = sourcecode.c.h; path = ESTextField.h; sourceTree = "<group>"; };
		9CD7A6C518EDF06A00641DA9 /* ESTextField.m */ = {isa = PBXFileReference; fileEncoding = 4; lastKnownFileType = sourcecode.c.objc; path = ESTextField.m; sourceTree = "<group>"; };
		9CD7A6C718EDFFE400641DA9 /* iTunesArtwork */ = {isa = PBXFileReference; lastKnownFileType = file; path = iTunesArtwork; sourceTree = "<group>"; };
		9CE36875191E6CF2003F064D /* ESPrivacyCell.h */ = {isa = PBXFileReference; fileEncoding = 4; lastKnownFileType = sourcecode.c.h; path = ESPrivacyCell.h; sourceTree = "<group>"; };
		9CE36876191E6CF2003F064D /* ESPrivacyCell.m */ = {isa = PBXFileReference; fileEncoding = 4; lastKnownFileType = sourcecode.c.objc; path = ESPrivacyCell.m; sourceTree = "<group>"; };
		9CE36878191E7625003F064D /* ESSetNameViewController.h */ = {isa = PBXFileReference; fileEncoding = 4; lastKnownFileType = sourcecode.c.h; path = ESSetNameViewController.h; sourceTree = "<group>"; };
		9CE36879191E7625003F064D /* ESSetNameViewController.m */ = {isa = PBXFileReference; fileEncoding = 4; lastKnownFileType = sourcecode.c.objc; path = ESSetNameViewController.m; sourceTree = "<group>"; };
		9CEEF67D19269CF1009018D3 /* ESWeekDataView.h */ = {isa = PBXFileReference; fileEncoding = 4; lastKnownFileType = sourcecode.c.h; path = ESWeekDataView.h; sourceTree = "<group>"; };
		9CEEF67E19269CF1009018D3 /* ESWeekDataView.m */ = {isa = PBXFileReference; fileEncoding = 4; lastKnownFileType = sourcecode.c.objc; path = ESWeekDataView.m; sourceTree = "<group>"; };
		9CEEF6801926AAA0009018D3 /* ESUnderLineButton.h */ = {isa = PBXFileReference; fileEncoding = 4; lastKnownFileType = sourcecode.c.h; path = ESUnderLineButton.h; sourceTree = "<group>"; };
		9CEEF6811926AAA0009018D3 /* ESUnderLineButton.m */ = {isa = PBXFileReference; fileEncoding = 4; lastKnownFileType = sourcecode.c.objc; path = ESUnderLineButton.m; sourceTree = "<group>"; };
/* End PBXFileReference section */

/* Begin PBXFrameworksBuildPhase section */
		9CD7A68318EDDA7800641DA9 /* Frameworks */ = {
			isa = PBXFrameworksBuildPhase;
			buildActionMask = 2147483647;
			files = (
				9C349EEA193C92A300D89C0D /* OpenGLES.framework in Frameworks */,
				9C349EE8193C88D300D89C0D /* SpriteKit.framework in Frameworks */,
				9C78269B192FD3EE00D01BB5 /* MapKit.framework in Frameworks */,
				9CD7A68C18EDDA7800641DA9 /* CoreGraphics.framework in Frameworks */,
				9CD7A68E18EDDA7800641DA9 /* UIKit.framework in Frameworks */,
				9CD7A68A18EDDA7800641DA9 /* Foundation.framework in Frameworks */,
			);
			runOnlyForDeploymentPostprocessing = 0;
		};
		9CD7A69E18EDDA7800641DA9 /* Frameworks */ = {
			isa = PBXFrameworksBuildPhase;
			buildActionMask = 2147483647;
			files = (
				9CD7A6A318EDDA7800641DA9 /* XCTest.framework in Frameworks */,
				9CD7A6A518EDDA7800641DA9 /* UIKit.framework in Frameworks */,
				9CD7A6A418EDDA7800641DA9 /* Foundation.framework in Frameworks */,
			);
			runOnlyForDeploymentPostprocessing = 0;
		};
/* End PBXFrameworksBuildPhase section */

/* Begin PBXGroup section */
		9C9887721A6C076E00AF4CFC /* MMDrawerController */ = {
			isa = PBXGroup;
			children = (
				9C9887731A6C076E00AF4CFC /* MMDrawerBarButtonItem.h */,
				9C9887741A6C076E00AF4CFC /* MMDrawerBarButtonItem.m */,
				9C9887751A6C076E00AF4CFC /* MMDrawerController+Subclass.h */,
				9C9887761A6C076E00AF4CFC /* MMDrawerController.h */,
				9C9887771A6C076E00AF4CFC /* MMDrawerController.m */,
				9C9887781A6C076E00AF4CFC /* MMDrawerVisualState.h */,
				9C9887791A6C076E00AF4CFC /* MMDrawerVisualState.m */,
				9C98877A1A6C076E00AF4CFC /* UIViewController+MMDrawerController.h */,
				9C98877B1A6C076E00AF4CFC /* UIViewController+MMDrawerController.m */,
			);
			name = MMDrawerController;
			path = MMDrawerController/MMDrawerController;
			sourceTree = "<group>";
		};
		9CC16AC218FBC101004D3F8A /* ProgressHUD */ = {
			isa = PBXGroup;
			children = (
				9CC16AC318FBC101004D3F8A /* ProgressHUD.bundle */,
				9CC16AC418FBC101004D3F8A /* ProgressHUD.h */,
				9CC16AC518FBC101004D3F8A /* ProgressHUD.m */,
			);
			name = ProgressHUD;
			path = ProgressHUD/ProgressHUD;
			sourceTree = "<group>";
		};
		9CD7A67D18EDDA7800641DA9 = {
			isa = PBXGroup;
			children = (
				9C9887721A6C076E00AF4CFC /* MMDrawerController */,
				9CC16AC218FBC101004D3F8A /* ProgressHUD */,
				9CD7A68F18EDDA7800641DA9 /* Easay */,
				9CD7A6A818EDDA7800641DA9 /* EasayTests */,
				9CD7A68818EDDA7800641DA9 /* Frameworks */,
				9CD7A68718EDDA7800641DA9 /* Products */,
			);
			sourceTree = "<group>";
		};
		9CD7A68718EDDA7800641DA9 /* Products */ = {
			isa = PBXGroup;
			children = (
				9CD7A68618EDDA7800641DA9 /* Easay.app */,
				9CD7A6A118EDDA7800641DA9 /* EasayTests.xctest */,
			);
			name = Products;
			sourceTree = "<group>";
		};
		9CD7A68818EDDA7800641DA9 /* Frameworks */ = {
			isa = PBXGroup;
			children = (
				9C349EE9193C92A300D89C0D /* OpenGLES.framework */,
				9C349EE7193C88D300D89C0D /* SpriteKit.framework */,
				9C78269A192FD3EE00D01BB5 /* MapKit.framework */,
				9CD7A68918EDDA7800641DA9 /* Foundation.framework */,
				9CD7A68B18EDDA7800641DA9 /* CoreGraphics.framework */,
				9CD7A68D18EDDA7800641DA9 /* UIKit.framework */,
				9CD7A6A218EDDA7800641DA9 /* XCTest.framework */,
			);
			name = Frameworks;
			sourceTree = "<group>";
		};
		9CD7A68F18EDDA7800641DA9 /* Easay */ = {
			isa = PBXGroup;
			children = (
				9C05FC7D191CB3B100889724 /* ESActivityViewController.h */,
				9C05FC7E191CB3B100889724 /* ESActivityViewController.m */,
				9C44685D193C199B0066A1FF /* ESActivityViewDataCell.h */,
				9C44685E193C199B0066A1FF /* ESActivityViewDataCell.m */,
				9CD7A69818EDDA7800641DA9 /* ESAppDelegate.h */,
				9CD7A69918EDDA7800641DA9 /* ESAppDelegate.m */,
				9CD7A6BE18EDE1CC00641DA9 /* ESBoldLabel.h */,
				9CD7A6BF18EDE1CC00641DA9 /* ESBoldLabel.m */,
				9C782686192A824E00D01BB5 /* ESChartView.h */,
				9C782687192A824E00D01BB5 /* ESChartView.m */,
				9C05FC7A191CB07D00889724 /* ESFindFriendViewController.h */,
				9C05FC7B191CB07D00889724 /* ESFindFriendViewController.m */,
				9C1AC7BD18FAE177009EAB1F /* ESFindPasswordViewController.h */,
				9C1AC7BE18FAE177009EAB1F /* ESFindPasswordViewController.m */,
				9C108DFD19005601004CD572 /* ESFriendViewController.h */,
				9C108DFE19005601004CD572 /* ESFriendViewController.m */,
				9CC16AC818FBC7EB004D3F8A /* ESHeaderButton.h */,
				9CC16AC918FBC7EB004D3F8A /* ESHeaderButton.m */,
				9CC16ABF18FBC000004D3F8A /* ESHomeViewController.h */,
				9CC16AC018FBC000004D3F8A /* ESHomeViewController.m */,
				9CD7A6C118EDE6F400641DA9 /* ESLoginViewController.h */,
				9CD7A6C218EDE6F400641DA9 /* ESLoginViewController.m */,
				9CC16ABC18FBBEEC004D3F8A /* ESMenuViewController.h */,
				9CC16ABD18FBBEEC004D3F8A /* ESMenuViewController.m */,
				9C446860193C4F610066A1FF /* ESMoreFriendTableViewController.h */,
				9C446861193C4F610066A1FF /* ESMoreFriendTableViewController.m */,
				9C78269C192FD99500D01BB5 /* ESMyTripViewController.h */,
				9C78269D192FD99500D01BB5 /* ESMyTripViewController.m */,
				9C108DF719004B7E004CD572 /* ESNavigationController.h */,
				9C108DF819004B7E004CD572 /* ESNavigationController.m */,
				9C05FC90191D6F2500889724 /* ESOptionSelectViewController.h */,
				9C05FC91191D6F2600889724 /* ESOptionSelectViewController.m */,
				9C44685A193C15ED0066A1FF /* ESPersonalViewController.h */,
				9C44685B193C15ED0066A1FF /* ESPersonalViewController.m */,
				9CAB50A819324B5300E21574 /* ESPlaceInputViewController.h */,
				9CAB50A919324B5300E21574 /* ESPlaceInputViewController.m */,
				9CE36875191E6CF2003F064D /* ESPrivacyCell.h */,
				9CE36876191E6CF2003F064D /* ESPrivacyCell.m */,
				9C05FC80191CB5F200889724 /* ESSegmentView.h */,
				9C05FC81191CB5F200889724 /* ESSegmentView.m */,
				9CE36878191E7625003F064D /* ESSetNameViewController.h */,
				9CE36879191E7625003F064D /* ESSetNameViewController.m */,
				9C05FC83191CEE9400889724 /* ESSettingViewController.h */,
				9C05FC84191CEE9400889724 /* ESSettingViewController.m */,
				9C108E00190060DA004CD572 /* ESShareViewController.h */,
				9C108E01190060DA004CD572 /* ESShareViewController.m */,
				9C108DFA1900514A004CD572 /* ESSiderMiddleBaseViewController.h */,
				9C108DFB1900514A004CD572 /* ESSiderMiddleBaseViewController.m */,
				9C1AC7B718FADB5D009EAB1F /* ESSignUpViewController.h */,
				9C1AC7B818FADB5D009EAB1F /* ESSignUpViewController.m */,
				9CD7A6C418EDF06A00641DA9 /* ESTextField.h */,
				9CD7A6C518EDF06A00641DA9 /* ESTextField.m */,
				9C782697192FCED900D01BB5 /* ESTheHotViewController.h */,
				9C782698192FCED900D01BB5 /* ESTheHotViewController.m */,
				9C5457AD19351E8500C6C546 /* ESTrafficExchangeViewController.h */,
				9C5457AE19351E8500C6C546 /* ESTrafficExchangeViewController.m */,
				9C78269F192FDB1C00D01BB5 /* ESTripCell.h */,
				9C7826A0192FDB1C00D01BB5 /* ESTripCell.m */,
				9CEEF6801926AAA0009018D3 /* ESUnderLineButton.h */,
				9CEEF6811926AAA0009018D3 /* ESUnderLineButton.m */,
				9CC16AB618FBBBE2004D3F8A /* ESViewController.h */,
				9CC16AB718FBBBE2004D3F8A /* ESViewController.m */,
				9CEEF67D19269CF1009018D3 /* ESWeekDataView.h */,
				9CEEF67E19269CF1009018D3 /* ESWeekDataView.m */,
				9CD7A69B18EDDA7800641DA9 /* Images.xcassets */,
				9CD7A6BC18EDDD9100641DA9 /* Main.storyboard */,
				9C349EEB193CB06A00D89C0D /* MRRope.h */,
				9C349EEC193CB06A00D89C0D /* MRRope.m */,
				9CD7A6B818EDDCCA00641DA9 /* Nexa Bold.otf */,
				9CD7A6B918EDDCCA00641DA9 /* Nexa Light.otf */,
				9CC16AB918FBBC13004D3F8A /* RTSiderViewController.h */,
				9CC16ABA18FBBC13004D3F8A /* RTSiderViewController.m */,
				9CD7A69018EDDA7800641DA9 /* Supporting Files */,
				9CC21F091938AE2D00072F4B /* TrafficExchangeHeader.xib */,
				9C108DF119003F79004CD572 /* UIColor+RExtension.h */,
				9C108DF219003F79004CD572 /* UIColor+RExtension.m */,
				9C108DF419004815004CD572 /* UIFont+ES.h */,
				9C108DF519004815004CD572 /* UIFont+ES.m */,
				9C1AC7BA18FADFB3009EAB1F /* UIViewController+ES.h */,
				9C1AC7BB18FADFB3009EAB1F /* UIViewController+ES.m */,
			);
			path = Easay;
			sourceTree = "<group>";
		};
		9CD7A69018EDDA7800641DA9 /* Supporting Files */ = {
			isa = PBXGroup;
			children = (
				9CD7A6C718EDFFE400641DA9 /* iTunesArtwork */,
				9CD7A69118EDDA7800641DA9 /* Easay-Info.plist */,
				9CD7A69218EDDA7800641DA9 /* InfoPlist.strings */,
				9CD7A69518EDDA7800641DA9 /* main.m */,
				9CD7A69718EDDA7800641DA9 /* Easay-Prefix.pch */,
			);
			name = "Supporting Files";
			sourceTree = "<group>";
		};
		9CD7A6A818EDDA7800641DA9 /* EasayTests */ = {
			isa = PBXGroup;
			children = (
				9CD7A6AE18EDDA7800641DA9 /* EasayTests.m */,
				9CD7A6A918EDDA7800641DA9 /* Supporting Files */,
			);
			path = EasayTests;
			sourceTree = "<group>";
		};
		9CD7A6A918EDDA7800641DA9 /* Supporting Files */ = {
			isa = PBXGroup;
			children = (
				9CD7A6AA18EDDA7800641DA9 /* EasayTests-Info.plist */,
				9CD7A6AB18EDDA7800641DA9 /* InfoPlist.strings */,
			);
			name = "Supporting Files";
			sourceTree = "<group>";
		};
/* End PBXGroup section */

/* Begin PBXNativeTarget section */
		9CD7A68518EDDA7800641DA9 /* Easay */ = {
			isa = PBXNativeTarget;
			buildConfigurationList = 9CD7A6B218EDDA7800641DA9 /* Build configuration list for PBXNativeTarget "Easay" */;
			buildPhases = (
				9CD7A68218EDDA7800641DA9 /* Sources */,
				9CD7A68318EDDA7800641DA9 /* Frameworks */,
				9CD7A68418EDDA7800641DA9 /* Resources */,
			);
			buildRules = (
			);
			dependencies = (
			);
			name = Easay;
			productName = Easay;
			productReference = 9CD7A68618EDDA7800641DA9 /* Easay.app */;
			productType = "com.apple.product-type.application";
		};
		9CD7A6A018EDDA7800641DA9 /* EasayTests */ = {
			isa = PBXNativeTarget;
			buildConfigurationList = 9CD7A6B518EDDA7800641DA9 /* Build configuration list for PBXNativeTarget "EasayTests" */;
			buildPhases = (
				9CD7A69D18EDDA7800641DA9 /* Sources */,
				9CD7A69E18EDDA7800641DA9 /* Frameworks */,
				9CD7A69F18EDDA7800641DA9 /* Resources */,
			);
			buildRules = (
			);
			dependencies = (
				9CD7A6A718EDDA7800641DA9 /* PBXTargetDependency */,
			);
			name = EasayTests;
			productName = EasayTests;
			productReference = 9CD7A6A118EDDA7800641DA9 /* EasayTests.xctest */;
			productType = "com.apple.product-type.bundle.unit-test";
		};
/* End PBXNativeTarget section */

/* Begin PBXProject section */
		9CD7A67E18EDDA7800641DA9 /* Project object */ = {
			isa = PBXProject;
			attributes = {
				CLASSPREFIX = ES;
				LastUpgradeCheck = 0500;
				ORGANIZATIONNAME = ricky;
				TargetAttributes = {
					9CD7A6A018EDDA7800641DA9 = {
						TestTargetID = 9CD7A68518EDDA7800641DA9;
					};
				};
			};
			buildConfigurationList = 9CD7A68118EDDA7800641DA9 /* Build configuration list for PBXProject "Easay" */;
			compatibilityVersion = "Xcode 3.2";
			developmentRegion = English;
			hasScannedForEncodings = 0;
			knownRegions = (
				en,
			);
			mainGroup = 9CD7A67D18EDDA7800641DA9;
			productRefGroup = 9CD7A68718EDDA7800641DA9 /* Products */;
			projectDirPath = "";
			projectRoot = "";
			targets = (
				9CD7A68518EDDA7800641DA9 /* Easay */,
				9CD7A6A018EDDA7800641DA9 /* EasayTests */,
			);
		};
/* End PBXProject section */

/* Begin PBXResourcesBuildPhase section */
		9CD7A68418EDDA7800641DA9 /* Resources */ = {
			isa = PBXResourcesBuildPhase;
			buildActionMask = 2147483647;
			files = (
				9CD7A69418EDDA7800641DA9 /* InfoPlist.strings in Resources */,
				9CD7A6C818EDFFE400641DA9 /* iTunesArtwork in Resources */,
				9CC16AC618FBC101004D3F8A /* ProgressHUD.bundle in Resources */,
				9CD7A6BD18EDDD9100641DA9 /* Main.storyboard in Resources */,
				9CD7A6BB18EDDCCA00641DA9 /* Nexa Light.otf in Resources */,
				9CC21F0A1938AE2D00072F4B /* TrafficExchangeHeader.xib in Resources */,
				9CD7A6BA18EDDCCA00641DA9 /* Nexa Bold.otf in Resources */,
				9CD7A69C18EDDA7800641DA9 /* Images.xcassets in Resources */,
			);
			runOnlyForDeploymentPostprocessing = 0;
		};
		9CD7A69F18EDDA7800641DA9 /* Resources */ = {
			isa = PBXResourcesBuildPhase;
			buildActionMask = 2147483647;
			files = (
				9CD7A6AD18EDDA7800641DA9 /* InfoPlist.strings in Resources */,
			);
			runOnlyForDeploymentPostprocessing = 0;
		};
/* End PBXResourcesBuildPhase section */

/* Begin PBXSourcesBuildPhase section */
		9CD7A68218EDDA7800641DA9 /* Sources */ = {
			isa = PBXSourcesBuildPhase;
			buildActionMask = 2147483647;
			files = (
				9CE36877191E6CF2003F064D /* ESPrivacyCell.m in Sources */,
				9CD7A6C018EDE1CC00641DA9 /* ESBoldLabel.m in Sources */,
				9C05FC85191CEE9400889724 /* ESSettingViewController.m in Sources */,
				9C05FC92191D6F2600889724 /* ESOptionSelectViewController.m in Sources */,
				9C446862193C4F610066A1FF /* ESMoreFriendTableViewController.m in Sources */,
				9C05FC82191CB5F200889724 /* ESSegmentView.m in Sources */,
				9C98877F1A6C076E00AF4CFC /* UIViewController+MMDrawerController.m in Sources */,
				9C98877E1A6C076E00AF4CFC /* MMDrawerVisualState.m in Sources */,
				9C782688192A824E00D01BB5 /* ESChartView.m in Sources */,
				9CC16AC718FBC101004D3F8A /* ProgressHUD.m in Sources */,
				9C108DFC1900514A004CD572 /* ESSiderMiddleBaseViewController.m in Sources */,
				9C7826A1192FDB1C00D01BB5 /* ESTripCell.m in Sources */,
				9C108DF919004B7E004CD572 /* ESNavigationController.m in Sources */,
				9C98877D1A6C076E00AF4CFC /* MMDrawerController.m in Sources */,
				9CC16ABE18FBBEEC004D3F8A /* ESMenuViewController.m in Sources */,
				9CD7A69A18EDDA7800641DA9 /* ESAppDelegate.m in Sources */,
				9C1AC7BC18FADFB3009EAB1F /* UIViewController+ES.m in Sources */,
				9C1AC7B918FADB5D009EAB1F /* ESSignUpViewController.m in Sources */,
				9CEEF67F19269CF1009018D3 /* ESWeekDataView.m in Sources */,
				9C5457AF19351E8500C6C546 /* ESTrafficExchangeViewController.m in Sources */,
				9C98877C1A6C076E00AF4CFC /* MMDrawerBarButtonItem.m in Sources */,
				9C108E02190060DA004CD572 /* ESShareViewController.m in Sources */,
				9C78269E192FD99500D01BB5 /* ESMyTripViewController.m in Sources */,
				9CE3687A191E7625003F064D /* ESSetNameViewController.m in Sources */,
				9CC16AC118FBC000004D3F8A /* ESHomeViewController.m in Sources */,
				9C1AC7BF18FAE177009EAB1F /* ESFindPasswordViewController.m in Sources */,
				9C108DF319003F79004CD572 /* UIColor+RExtension.m in Sources */,
				9CD7A6C318EDE6F400641DA9 /* ESLoginViewController.m in Sources */,
				9C05FC7F191CB3B100889724 /* ESActivityViewController.m in Sources */,
				9C44685F193C199B0066A1FF /* ESActivityViewDataCell.m in Sources */,
				9C782699192FCED900D01BB5 /* ESTheHotViewController.m in Sources */,
				9C108DFF19005601004CD572 /* ESFriendViewController.m in Sources */,
				9CC16ABB18FBBC13004D3F8A /* RTSiderViewController.m in Sources */,
				9CC16ACA18FBC7EB004D3F8A /* ESHeaderButton.m in Sources */,
				9C44685C193C15ED0066A1FF /* ESPersonalViewController.m in Sources */,
				9C349EED193CB06A00D89C0D /* MRRope.m in Sources */,
				9CC16AB818FBBBE2004D3F8A /* ESViewController.m in Sources */,
				9CD7A69618EDDA7800641DA9 /* main.m in Sources */,
				9C05FC7C191CB07D00889724 /* ESFindFriendViewController.m in Sources */,
				9CEEF6821926AAA1009018D3 /* ESUnderLineButton.m in Sources */,
				9C108DF619004815004CD572 /* UIFont+ES.m in Sources */,
				9CD7A6C618EDF06A00641DA9 /* ESTextField.m in Sources */,
				9CAB50AA19324B5300E21574 /* ESPlaceInputViewController.m in Sources */,
			);
			runOnlyForDeploymentPostprocessing = 0;
		};
		9CD7A69D18EDDA7800641DA9 /* Sources */ = {
			isa = PBXSourcesBuildPhase;
			buildActionMask = 2147483647;
			files = (
				9CD7A6AF18EDDA7800641DA9 /* EasayTests.m in Sources */,
			);
			runOnlyForDeploymentPostprocessing = 0;
		};
/* End PBXSourcesBuildPhase section */

/* Begin PBXTargetDependency section */
		9CD7A6A718EDDA7800641DA9 /* PBXTargetDependency */ = {
			isa = PBXTargetDependency;
			target = 9CD7A68518EDDA7800641DA9 /* Easay */;
			targetProxy = 9CD7A6A618EDDA7800641DA9 /* PBXContainerItemProxy */;
		};
/* End PBXTargetDependency section */

/* Begin PBXVariantGroup section */
		9CD7A69218EDDA7800641DA9 /* InfoPlist.strings */ = {
			isa = PBXVariantGroup;
			children = (
				9CD7A69318EDDA7800641DA9 /* en */,
			);
			name = InfoPlist.strings;
			sourceTree = "<group>";
		};
		9CD7A6AB18EDDA7800641DA9 /* InfoPlist.strings */ = {
			isa = PBXVariantGroup;
			children = (
				9CD7A6AC18EDDA7800641DA9 /* en */,
			);
			name = InfoPlist.strings;
			sourceTree = "<group>";
		};
/* End PBXVariantGroup section */

/* Begin XCBuildConfiguration section */
		9CD7A6B018EDDA7800641DA9 /* Debug */ = {
			isa = XCBuildConfiguration;
			buildSettings = {
				ALWAYS_SEARCH_USER_PATHS = NO;
				ARCHS = "$(ARCHS_STANDARD_INCLUDING_64_BIT)";
				CLANG_CXX_LANGUAGE_STANDARD = "gnu++0x";
				CLANG_CXX_LIBRARY = "libc++";
				CLANG_ENABLE_MODULES = YES;
				CLANG_ENABLE_OBJC_ARC = YES;
				CLANG_WARN_BOOL_CONVERSION = YES;
				CLANG_WARN_CONSTANT_CONVERSION = YES;
				CLANG_WARN_DIRECT_OBJC_ISA_USAGE = YES_ERROR;
				CLANG_WARN_EMPTY_BODY = YES;
				CLANG_WARN_ENUM_CONVERSION = YES;
				CLANG_WARN_INT_CONVERSION = YES;
				CLANG_WARN_OBJC_ROOT_CLASS = YES_ERROR;
				CLANG_WARN__DUPLICATE_METHOD_MATCH = YES;
				"CODE_SIGN_IDENTITY[sdk=iphoneos*]" = "iPhone Developer";
				COPY_PHASE_STRIP = NO;
				GCC_C_LANGUAGE_STANDARD = gnu99;
				GCC_DYNAMIC_NO_PIC = NO;
				GCC_OPTIMIZATION_LEVEL = 0;
				GCC_PREPROCESSOR_DEFINITIONS = (
					"DEBUG=1",
					"$(inherited)",
				);
				GCC_SYMBOLS_PRIVATE_EXTERN = NO;
				GCC_WARN_64_TO_32_BIT_CONVERSION = YES;
				GCC_WARN_ABOUT_RETURN_TYPE = YES_ERROR;
				GCC_WARN_UNDECLARED_SELECTOR = YES;
				GCC_WARN_UNINITIALIZED_AUTOS = YES;
				GCC_WARN_UNUSED_FUNCTION = YES;
				GCC_WARN_UNUSED_VARIABLE = YES;
				IPHONEOS_DEPLOYMENT_TARGET = 7.0;
				ONLY_ACTIVE_ARCH = YES;
				SDKROOT = iphoneos;
			};
			name = Debug;
		};
		9CD7A6B118EDDA7800641DA9 /* Release */ = {
			isa = XCBuildConfiguration;
			buildSettings = {
				ALWAYS_SEARCH_USER_PATHS = NO;
				ARCHS = "$(ARCHS_STANDARD_INCLUDING_64_BIT)";
				CLANG_CXX_LANGUAGE_STANDARD = "gnu++0x";
				CLANG_CXX_LIBRARY = "libc++";
				CLANG_ENABLE_MODULES = YES;
				CLANG_ENABLE_OBJC_ARC = YES;
				CLANG_WARN_BOOL_CONVERSION = YES;
				CLANG_WARN_CONSTANT_CONVERSION = YES;
				CLANG_WARN_DIRECT_OBJC_ISA_USAGE = YES_ERROR;
				CLANG_WARN_EMPTY_BODY = YES;
				CLANG_WARN_ENUM_CONVERSION = YES;
				CLANG_WARN_INT_CONVERSION = YES;
				CLANG_WARN_OBJC_ROOT_CLASS = YES_ERROR;
				CLANG_WARN__DUPLICATE_METHOD_MATCH = YES;
				"CODE_SIGN_IDENTITY[sdk=iphoneos*]" = "iPhone Developer";
				COPY_PHASE_STRIP = YES;
				ENABLE_NS_ASSERTIONS = NO;
				GCC_C_LANGUAGE_STANDARD = gnu99;
				GCC_WARN_64_TO_32_BIT_CONVERSION = YES;
				GCC_WARN_ABOUT_RETURN_TYPE = YES_ERROR;
				GCC_WARN_UNDECLARED_SELECTOR = YES;
				GCC_WARN_UNINITIALIZED_AUTOS = YES;
				GCC_WARN_UNUSED_FUNCTION = YES;
				GCC_WARN_UNUSED_VARIABLE = YES;
				IPHONEOS_DEPLOYMENT_TARGET = 7.0;
				SDKROOT = iphoneos;
				VALIDATE_PRODUCT = YES;
			};
			name = Release;
		};
		9CD7A6B318EDDA7800641DA9 /* Debug */ = {
			isa = XCBuildConfiguration;
			buildSettings = {
				ARCHS = "$(ARCHS_STANDARD)";
				ASSETCATALOG_COMPILER_APPICON_NAME = AppIcon;
				ASSETCATALOG_COMPILER_LAUNCHIMAGE_NAME = LaunchImage;
				CODE_SIGN_IDENTITY = "iPhone Developer";
				GCC_PRECOMPILE_PREFIX_HEADER = YES;
				GCC_PREFIX_HEADER = "Easay/Easay-Prefix.pch";
				INFOPLIST_FILE = "Easay/Easay-Info.plist";
				IPHONEOS_DEPLOYMENT_TARGET = 7.0;
				PRODUCT_NAME = "$(TARGET_NAME)";
				PROVISIONING_PROFILE = "";
				WRAPPER_EXTENSION = app;
			};
			name = Debug;
		};
		9CD7A6B418EDDA7800641DA9 /* Release */ = {
			isa = XCBuildConfiguration;
			buildSettings = {
				ARCHS = "$(ARCHS_STANDARD)";
				ASSETCATALOG_COMPILER_APPICON_NAME = AppIcon;
				ASSETCATALOG_COMPILER_LAUNCHIMAGE_NAME = LaunchImage;
				CODE_SIGN_IDENTITY = "iPhone Distribution: hang zhang (JM9WSY7Q38)";
				"CODE_SIGN_IDENTITY[sdk=iphoneos*]" = "iPhone Distribution: hang zhang (JM9WSY7Q38)";
				GCC_PRECOMPILE_PREFIX_HEADER = YES;
				GCC_PREFIX_HEADER = "Easay/Easay-Prefix.pch";
				INFOPLIST_FILE = "Easay/Easay-Info.plist";
				IPHONEOS_DEPLOYMENT_TARGET = 7.0;
				PRODUCT_NAME = "$(TARGET_NAME)";
				PROVISIONING_PROFILE = "";
				WRAPPER_EXTENSION = app;
			};
			name = Release;
		};
		9CD7A6B618EDDA7800641DA9 /* Debug */ = {
			isa = XCBuildConfiguration;
			buildSettings = {
				ARCHS = "$(ARCHS_STANDARD_INCLUDING_64_BIT)";
				BUNDLE_LOADER = "$(BUILT_PRODUCTS_DIR)/Easay.app/Easay";
				FRAMEWORK_SEARCH_PATHS = (
					"$(SDKROOT)/Developer/Library/Frameworks",
					"$(inherited)",
					"$(DEVELOPER_FRAMEWORKS_DIR)",
				);
				GCC_PRECOMPILE_PREFIX_HEADER = YES;
				GCC_PREFIX_HEADER = "Easay/Easay-Prefix.pch";
				GCC_PREPROCESSOR_DEFINITIONS = (
					"DEBUG=1",
					"$(inherited)",
				);
				INFOPLIST_FILE = "EasayTests/EasayTests-Info.plist";
				PRODUCT_NAME = "$(TARGET_NAME)";
				TEST_HOST = "$(BUNDLE_LOADER)";
				WRAPPER_EXTENSION = xctest;
			};
			name = Debug;
		};
		9CD7A6B718EDDA7800641DA9 /* Release */ = {
			isa = XCBuildConfiguration;
			buildSettings = {
				ARCHS = "$(ARCHS_STANDARD_INCLUDING_64_BIT)";
				BUNDLE_LOADER = "$(BUILT_PRODUCTS_DIR)/Easay.app/Easay";
				FRAMEWORK_SEARCH_PATHS = (
					"$(SDKROOT)/Developer/Library/Frameworks",
					"$(inherited)",
					"$(DEVELOPER_FRAMEWORKS_DIR)",
				);
				GCC_PRECOMPILE_PREFIX_HEADER = YES;
				GCC_PREFIX_HEADER = "Easay/Easay-Prefix.pch";
				INFOPLIST_FILE = "EasayTests/EasayTests-Info.plist";
				PRODUCT_NAME = "$(TARGET_NAME)";
				TEST_HOST = "$(BUNDLE_LOADER)";
				WRAPPER_EXTENSION = xctest;
			};
			name = Release;
		};
/* End XCBuildConfiguration section */

/* Begin XCConfigurationList section */
		9CD7A68118EDDA7800641DA9 /* Build configuration list for PBXProject "Easay" */ = {
			isa = XCConfigurationList;
			buildConfigurations = (
				9CD7A6B018EDDA7800641DA9 /* Debug */,
				9CD7A6B118EDDA7800641DA9 /* Release */,
			);
			defaultConfigurationIsVisible = 0;
			defaultConfigurationName = Release;
		};
		9CD7A6B218EDDA7800641DA9 /* Build configuration list for PBXNativeTarget "Easay" */ = {
			isa = XCConfigurationList;
			buildConfigurations = (
				9CD7A6B318EDDA7800641DA9 /* Debug */,
				9CD7A6B418EDDA7800641DA9 /* Release */,
			);
			defaultConfigurationIsVisible = 0;
			defaultConfigurationName = Release;
		};
		9CD7A6B518EDDA7800641DA9 /* Build configuration list for PBXNativeTarget "EasayTests" */ = {
			isa = XCConfigurationList;
			buildConfigurations = (
				9CD7A6B618EDDA7800641DA9 /* Debug */,
				9CD7A6B718EDDA7800641DA9 /* Release */,
			);
			defaultConfigurationIsVisible = 0;
			defaultConfigurationName = Release;
		};
/* End XCConfigurationList section */
	};
	rootObject = 9CD7A67E18EDDA7800641DA9 /* Project object */;
}
