// !$*UTF8*$!
{
	archiveVersion = 1;
	classes = {
	};
	objectVersion = 46;
	objects = {

/* Begin PBXBuildFile section */
		9CD7A68A18EDDA7800641DA9 /* Foundation.framework in Frameworks */ = {isa = PBXBuildFile; fileRef = 9CD7A68918EDDA7800641DA9 /* Foundation.framework */; };
		9CD7A68C18EDDA7800641DA9 /* CoreGraphics.framework in Frameworks */ = {isa = PBXBuildFile; fileRef = 9CD7A68B18EDDA7800641DA9 /* CoreGraphics.framework */; };
		9CD7A68E18EDDA7800641DA9 /* UIKit.framework in Frameworks */ = {isa = PBXBuildFile; fileRef = 9CD7A68D18EDDA7800641DA9 /* UIKit.framework */; };
		9CD7A69418EDDA7800641DA9 /* InfoPlist.strings in Resources */ = {isa = PBXBuildFile; fileRef = 9CD7A69218EDDA7800641DA9 /* InfoPlist.strings */; };
		9CD7A69618EDDA7800641DA9 /* main.m in Sources */ = {isa = PBXBuildFile; fileRef = 9CD7A69518EDDA7800641DA9 /* main.m */; };
		9CD7A69A18EDDA7800641DA9 /* ESAppDelegate.m in Sources */ = {isa = PBXBuildFile; fileRef = 9CD7A69918EDDA7800641DA9 /* ESAppDelegate.m */; };
		9CD7A69C18EDDA7800641DA9 /* Images.xcassets in Resources */ = {isa = PBXBuildFile; fileRef = 9CD7A69B18EDDA7800641DA9 /* Images.xcassets */; };
		9CD7A6A318EDDA7800641DA9 /* XCTest.framework in Frameworks */ = {isa = PBXBuildFile; fileRef = 9CD7A6A218EDDA7800641DA9 /* XCTest.framework */; };
		9CD7A6A418EDDA7800641DA9 /* Foundation.framework in Frameworks */ = {isa = PBXBuildFile; fileRef = 9CD7A68918EDDA7800641DA9 /* Foundation.framework */; };
		9CD7A6A518EDDA7800641DA9 /* UIKit.framework in Frameworks */ = {isa = PBXBuildFile; fileRef = 9CD7A68D18EDDA7800641DA9 /* UIKit.framework */; };
		9CD7A6AD18EDDA7800641DA9 /* InfoPlist.strings in Resources */ = {isa = PBXBuildFile; fileRef = 9CD7A6AB18EDDA7800641DA9 /* InfoPlist.strings */; };
		9CD7A6AF18EDDA7800641DA9 /* EasayTests.m in Sources */ = {isa = PBXBuildFile; fileRef = 9CD7A6AE18EDDA7800641DA9 /* EasayTests.m */; };
		9CD7A6BA18EDDCCA00641DA9 /* Nexa Bold.otf in Resources */ = {isa = PBXBuildFile; fileRef = 9CD7A6B818EDDCCA00641DA9 /* Nexa Bold.otf */; };
		9CD7A6BB18EDDCCA00641DA9 /* Nexa Light.otf in Resources */ = {isa = PBXBuildFile; fileRef = 9CD7A6B918EDDCCA00641DA9 /* Nexa Light.otf */; };
		9CD7A6BD18EDDD9100641DA9 /* Main.storyboard in Resources */ = {isa = PBXBuildFile; fileRef = 9CD7A6BC18EDDD9100641DA9 /* Main.storyboard */; };
		9CD7A6C018EDE1CC00641DA9 /* ESBoldLabel.m in Sources */ = {isa = PBXBuildFile; fileRef = 9CD7A6BF18EDE1CC00641DA9 /* ESBoldLabel.m */; };
		9CD7A6C318EDE6F400641DA9 /* ESLoginViewController.m in Sources */ = {isa = PBXBuildFile; fileRef = 9CD7A6C218EDE6F400641DA9 /* ESLoginViewController.m */; };
		9CD7A6C618EDF06A00641DA9 /* ESTextField.m in Sources */ = {isa = PBXBuildFile; fileRef = 9CD7A6C518EDF06A00641DA9 /* ESTextField.m */; };
/* End PBXBuildFile section */

/* Begin PBXContainerItemProxy section */
		9CD7A6A618EDDA7800641DA9 /* PBXContainerItemProxy */ = {
			isa = PBXContainerItemProxy;
			containerPortal = 9CD7A67E18EDDA7800641DA9 /* Project object */;
			proxyType = 1;
			remoteGlobalIDString = 9CD7A68518EDDA7800641DA9;
			remoteInfo = Easay;
		};
/* End PBXContainerItemProxy section */

/* Begin PBXFileReference section */
		9CD7A68618EDDA7800641DA9 /* Easay.app */ = {isa = PBXFileReference; explicitFileType = wrapper.application; includeInIndex = 0; path = Easay.app; sourceTree = BUILT_PRODUCTS_DIR; };
		9CD7A68918EDDA7800641DA9 /* Foundation.framework */ = {isa = PBXFileReference; lastKnownFileType = wrapper.framework; name = Foundation.framework; path = System/Library/Frameworks/Foundation.framework; sourceTree = SDKROOT; };
		9CD7A68B18EDDA7800641DA9 /* CoreGraphics.framework */ = {isa = PBXFileReference; lastKnownFileType = wrapper.framework; name = CoreGraphics.framework; path = System/Library/Frameworks/CoreGraphics.framework; sourceTree = SDKROOT; };
		9CD7A68D18EDDA7800641DA9 /* UIKit.framework */ = {isa = PBXFileReference; lastKnownFileType = wrapper.framework; name = UIKit.framework; path = System/Library/Frameworks/UIKit.framework; sourceTree = SDKROOT; };
		9CD7A69118EDDA7800641DA9 /* Easay-Info.plist */ = {isa = PBXFileReference; lastKnownFileType = text.plist.xml; path = "Easay-Info.plist"; sourceTree = "<group>"; };
		9CD7A69318EDDA7800641DA9 /* en */ = {isa = PBXFileReference; lastKnownFileType = text.plist.strings; name = en; path = en.lproj/InfoPlist.strings; sourceTree = "<group>"; };
		9CD7A69518EDDA7800641DA9 /* main.m */ = {isa = PBXFileReference; lastKnownFileType = sourcecode.c.objc; path = main.m; sourceTree = "<group>"; };
		9CD7A69718EDDA7800641DA9 /* Easay-Prefix.pch */ = {isa = PBXFileReference; lastKnownFileType = sourcecode.c.h; path = "Easay-Prefix.pch"; sourceTree = "<group>"; };
		9CD7A69818EDDA7800641DA9 /* ESAppDelegate.h */ = {isa = PBXFileReference; lastKnownFileType = sourcecode.c.h; path = ESAppDelegate.h; sourceTree = "<group>"; };
		9CD7A69918EDDA7800641DA9 /* ESAppDelegate.m */ = {isa = PBXFileReference; lastKnownFileType = sourcecode.c.objc; path = ESAppDelegate.m; sourceTree = "<group>"; };
		9CD7A69B18EDDA7800641DA9 /* Images.xcassets */ = {isa = PBXFileReference; lastKnownFileType = folder.assetcatalog; path = Images.xcassets; sourceTree = "<group>"; };
		9CD7A6A118EDDA7800641DA9 /* EasayTests.xctest */ = {isa = PBXFileReference; explicitFileType = wrapper.cfbundle; includeInIndex = 0; path = EasayTests.xctest; sourceTree = BUILT_PRODUCTS_DIR; };
		9CD7A6A218EDDA7800641DA9 /* XCTest.framework */ = {isa = PBXFileReference; lastKnownFileType = wrapper.framework; name = XCTest.framework; path = Library/Frameworks/XCTest.framework; sourceTree = DEVELOPER_DIR; };
		9CD7A6AA18EDDA7800641DA9 /* EasayTests-Info.plist */ = {isa = PBXFileReference; lastKnownFileType = text.plist.xml; path = "EasayTests-Info.plist"; sourceTree = "<group>"; };
		9CD7A6AC18EDDA7800641DA9 /* en */ = {isa = PBXFileReference; lastKnownFileType = text.plist.strings; name = en; path = en.lproj/InfoPlist.strings; sourceTree = "<group>"; };
		9CD7A6AE18EDDA7800641DA9 /* EasayTests.m */ = {isa = PBXFileReference; lastKnownFileType = sourcecode.c.objc; path = EasayTests.m; sourceTree = "<group>"; };
		9CD7A6B818EDDCCA00641DA9 /* Nexa Bold.otf */ = {isa = PBXFileReference; lastKnownFileType = file; path = "Nexa Bold.otf"; sourceTree = "<group>"; };
		9CD7A6B918EDDCCA00641DA9 /* Nexa Light.otf */ = {isa = PBXFileReference; lastKnownFileType = file; path = "Nexa Light.otf"; sourceTree = "<group>"; };
		9CD7A6BC18EDDD9100641DA9 /* Main.storyboard */ = {isa = PBXFileReference; fileEncoding = 4; lastKnownFileType = file.storyboard; path = Main.storyboard; sourceTree = "<group>"; };
		9CD7A6BE18EDE1CC00641DA9 /* ESBoldLabel.h */ = {isa = PBXFileReference; fileEncoding = 4; lastKnownFileType = sourcecode.c.h; path = ESBoldLabel.h; sourceTree = "<group>"; };
		9CD7A6BF18EDE1CC00641DA9 /* ESBoldLabel.m */ = {isa = PBXFileReference; fileEncoding = 4; lastKnownFileType = sourcecode.c.objc; path = ESBoldLabel.m; sourceTree = "<group>"; };
		9CD7A6C118EDE6F400641DA9 /* ESLoginViewController.h */ = {isa = PBXFileReference; fileEncoding = 4; lastKnownFileType = sourcecode.c.h; path = ESLoginViewController.h; sourceTree = "<group>"; };
		9CD7A6C218EDE6F400641DA9 /* ESLoginViewController.m */ = {isa = PBXFileReference; fileEncoding = 4; lastKnownFileType = sourcecode.c.objc; path = ESLoginViewController.m; sourceTree = "<group>"; };
		9CD7A6C418EDF06A00641DA9 /* ESTextField.h */ = {isa = PBXFileReference; fileEncoding = 4; lastKnownFileType = sourcecode.c.h; path = ESTextField.h; sourceTree = "<group>"; };
		9CD7A6C518EDF06A00641DA9 /* ESTextField.m */ = {isa = PBXFileReference; fileEncoding = 4; lastKnownFileType = sourcecode.c.objc; path = ESTextField.m; sourceTree = "<group>"; };
/* End PBXFileReference section */

/* Begin PBXFrameworksBuildPhase section */
		9CD7A68318EDDA7800641DA9 /* Frameworks */ = {
			isa = PBXFrameworksBuildPhase;
			buildActionMask = 2147483647;
			files = (
				9CD7A68C18EDDA7800641DA9 /* CoreGraphics.framework in Frameworks */,
				9CD7A68E18EDDA7800641DA9 /* UIKit.framework in Frameworks */,
				9CD7A68A18EDDA7800641DA9 /* Foundation.framework in Frameworks */,
			);
			runOnlyForDeploymentPostprocessing = 0;
		};
		9CD7A69E18EDDA7800641DA9 /* Frameworks */ = {
			isa = PBXFrameworksBuildPhase;
			buildActionMask = 2147483647;
			files = (
				9CD7A6A318EDDA7800641DA9 /* XCTest.framework in Frameworks */,
				9CD7A6A518EDDA7800641DA9 /* UIKit.framework in Frameworks */,
				9CD7A6A418EDDA7800641DA9 /* Foundation.framework in Frameworks */,
			);
			runOnlyForDeploymentPostprocessing = 0;
		};
/* End PBXFrameworksBuildPhase section */

/* Begin PBXGroup section */
		9CD7A67D18EDDA7800641DA9 = {
			isa = PBXGroup;
			children = (
				9CD7A68F18EDDA7800641DA9 /* Easay */,
				9CD7A6A818EDDA7800641DA9 /* EasayTests */,
				9CD7A68818EDDA7800641DA9 /* Frameworks */,
				9CD7A68718EDDA7800641DA9 /* Products */,
			);
			sourceTree = "<group>";
		};
		9CD7A68718EDDA7800641DA9 /* Products */ = {
			isa = PBXGroup;
			children = (
				9CD7A68618EDDA7800641DA9 /* Easay.app */,
				9CD7A6A118EDDA7800641DA9 /* EasayTests.xctest */,
			);
			name = Products;
			sourceTree = "<group>";
		};
		9CD7A68818EDDA7800641DA9 /* Frameworks */ = {
			isa = PBXGroup;
			children = (
				9CD7A68918EDDA7800641DA9 /* Foundation.framework */,
				9CD7A68B18EDDA7800641DA9 /* CoreGraphics.framework */,
				9CD7A68D18EDDA7800641DA9 /* UIKit.framework */,
				9CD7A6A218EDDA7800641DA9 /* XCTest.framework */,
			);
			name = Frameworks;
			sourceTree = "<group>";
		};
		9CD7A68F18EDDA7800641DA9 /* Easay */ = {
			isa = PBXGroup;
			children = (
				9CD7A6B818EDDCCA00641DA9 /* Nexa Bold.otf */,
				9CD7A6B918EDDCCA00641DA9 /* Nexa Light.otf */,
				9CD7A69818EDDA7800641DA9 /* ESAppDelegate.h */,
				9CD7A69918EDDA7800641DA9 /* ESAppDelegate.m */,
				9CD7A69B18EDDA7800641DA9 /* Images.xcassets */,
				9CD7A69018EDDA7800641DA9 /* Supporting Files */,
				9CD7A6BC18EDDD9100641DA9 /* Main.storyboard */,
				9CD7A6BE18EDE1CC00641DA9 /* ESBoldLabel.h */,
				9CD7A6BF18EDE1CC00641DA9 /* ESBoldLabel.m */,
				9CD7A6C118EDE6F400641DA9 /* ESLoginViewController.h */,
				9CD7A6C218EDE6F400641DA9 /* ESLoginViewController.m */,
				9CD7A6C418EDF06A00641DA9 /* ESTextField.h */,
				9CD7A6C518EDF06A00641DA9 /* ESTextField.m */,
			);
			path = Easay;
			sourceTree = "<group>";
		};
		9CD7A69018EDDA7800641DA9 /* Supporting Files */ = {
			isa = PBXGroup;
			children = (
				9CD7A69118EDDA7800641DA9 /* Easay-Info.plist */,
				9CD7A69218EDDA7800641DA9 /* InfoPlist.strings */,
				9CD7A69518EDDA7800641DA9 /* main.m */,
				9CD7A69718EDDA7800641DA9 /* Easay-Prefix.pch */,
			);
			name = "Supporting Files";
			sourceTree = "<group>";
		};
		9CD7A6A818EDDA7800641DA9 /* EasayTests */ = {
			isa = PBXGroup;
			children = (
				9CD7A6AE18EDDA7800641DA9 /* EasayTests.m */,
				9CD7A6A918EDDA7800641DA9 /* Supporting Files */,
			);
			path = EasayTests;
			sourceTree = "<group>";
		};
		9CD7A6A918EDDA7800641DA9 /* Supporting Files */ = {
			isa = PBXGroup;
			children = (
				9CD7A6AA18EDDA7800641DA9 /* EasayTests-Info.plist */,
				9CD7A6AB18EDDA7800641DA9 /* InfoPlist.strings */,
			);
			name = "Supporting Files";
			sourceTree = "<group>";
		};
/* End PBXGroup section */

/* Begin PBXNativeTarget section */
		9CD7A68518EDDA7800641DA9 /* Easay */ = {
			isa = PBXNativeTarget;
			buildConfigurationList = 9CD7A6B218EDDA7800641DA9 /* Build configuration list for PBXNativeTarget "Easay" */;
			buildPhases = (
				9CD7A68218EDDA7800641DA9 /* Sources */,
				9CD7A68318EDDA7800641DA9 /* Frameworks */,
				9CD7A68418EDDA7800641DA9 /* Resources */,
			);
			buildRules = (
			);
			dependencies = (
			);
			name = Easay;
			productName = Easay;
			productReference = 9CD7A68618EDDA7800641DA9 /* Easay.app */;
			productType = "com.apple.product-type.application";
		};
		9CD7A6A018EDDA7800641DA9 /* EasayTests */ = {
			isa = PBXNativeTarget;
			buildConfigurationList = 9CD7A6B518EDDA7800641DA9 /* Build configuration list for PBXNativeTarget "EasayTests" */;
			buildPhases = (
				9CD7A69D18EDDA7800641DA9 /* Sources */,
				9CD7A69E18EDDA7800641DA9 /* Frameworks */,
				9CD7A69F18EDDA7800641DA9 /* Resources */,
			);
			buildRules = (
			);
			dependencies = (
				9CD7A6A718EDDA7800641DA9 /* PBXTargetDependency */,
			);
			name = EasayTests;
			productName = EasayTests;
			productReference = 9CD7A6A118EDDA7800641DA9 /* EasayTests.xctest */;
			productType = "com.apple.product-type.bundle.unit-test";
		};
/* End PBXNativeTarget section */

/* Begin PBXProject section */
		9CD7A67E18EDDA7800641DA9 /* Project object */ = {
			isa = PBXProject;
			attributes = {
				CLASSPREFIX = ES;
				LastUpgradeCheck = 0500;
				ORGANIZATIONNAME = ricky;
				TargetAttributes = {
					9CD7A6A018EDDA7800641DA9 = {
						TestTargetID = 9CD7A68518EDDA7800641DA9;
					};
				};
			};
			buildConfigurationList = 9CD7A68118EDDA7800641DA9 /* Build configuration list for PBXProject "Easay" */;
			compatibilityVersion = "Xcode 3.2";
			developmentRegion = English;
			hasScannedForEncodings = 0;
			knownRegions = (
				en,
			);
			mainGroup = 9CD7A67D18EDDA7800641DA9;
			productRefGroup = 9CD7A68718EDDA7800641DA9 /* Products */;
			projectDirPath = "";
			projectRoot = "";
			targets = (
				9CD7A68518EDDA7800641DA9 /* Easay */,
				9CD7A6A018EDDA7800641DA9 /* EasayTests */,
			);
		};
/* End PBXProject section */

/* Begin PBXResourcesBuildPhase section */
		9CD7A68418EDDA7800641DA9 /* Resources */ = {
			isa = PBXResourcesBuildPhase;
			buildActionMask = 2147483647;
			files = (
				9CD7A69418EDDA7800641DA9 /* InfoPlist.strings in Resources */,
				9CD7A6BD18EDDD9100641DA9 /* Main.storyboard in Resources */,
				9CD7A6BB18EDDCCA00641DA9 /* Nexa Light.otf in Resources */,
				9CD7A6BA18EDDCCA00641DA9 /* Nexa Bold.otf in Resources */,
				9CD7A69C18EDDA7800641DA9 /* Images.xcassets in Resources */,
			);
			runOnlyForDeploymentPostprocessing = 0;
		};
		9CD7A69F18EDDA7800641DA9 /* Resources */ = {
			isa = PBXResourcesBuildPhase;
			buildActionMask = 2147483647;
			files = (
				9CD7A6AD18EDDA7800641DA9 /* InfoPlist.strings in Resources */,
			);
			runOnlyForDeploymentPostprocessing = 0;
		};
/* End PBXResourcesBuildPhase section */

/* Begin PBXSourcesBuildPhase section */
		9CD7A68218EDDA7800641DA9 /* Sources */ = {
			isa = PBXSourcesBuildPhase;
			buildActionMask = 2147483647;
			files = (
				9CD7A6C018EDE1CC00641DA9 /* ESBoldLabel.m in Sources */,
				9CD7A69A18EDDA7800641DA9 /* ESAppDelegate.m in Sources */,
				9CD7A6C318EDE6F400641DA9 /* ESLoginViewController.m in Sources */,
				9CD7A69618EDDA7800641DA9 /* main.m in Sources */,
				9CD7A6C618EDF06A00641DA9 /* ESTextField.m in Sources */,
			);
			runOnlyForDeploymentPostprocessing = 0;
		};
		9CD7A69D18EDDA7800641DA9 /* Sources */ = {
			isa = PBXSourcesBuildPhase;
			buildActionMask = 2147483647;
			files = (
				9CD7A6AF18EDDA7800641DA9 /* EasayTests.m in Sources */,
			);
			runOnlyForDeploymentPostprocessing = 0;
		};
/* End PBXSourcesBuildPhase section */

/* Begin PBXTargetDependency section */
		9CD7A6A718EDDA7800641DA9 /* PBXTargetDependency */ = {
			isa = PBXTargetDependency;
			target = 9CD7A68518EDDA7800641DA9 /* Easay */;
			targetProxy = 9CD7A6A618EDDA7800641DA9 /* PBXContainerItemProxy */;
		};
/* End PBXTargetDependency section */

/* Begin PBXVariantGroup section */
		9CD7A69218EDDA7800641DA9 /* InfoPlist.strings */ = {
			isa = PBXVariantGroup;
			children = (
				9CD7A69318EDDA7800641DA9 /* en */,
			);
			name = InfoPlist.strings;
			sourceTree = "<group>";
		};
		9CD7A6AB18EDDA7800641DA9 /* InfoPlist.strings */ = {
			isa = PBXVariantGroup;
			children = (
				9CD7A6AC18EDDA7800641DA9 /* en */,
			);
			name = InfoPlist.strings;
			sourceTree = "<group>";
		};
/* End PBXVariantGroup section */

/* Begin XCBuildConfiguration section */
		9CD7A6B018EDDA7800641DA9 /* Debug */ = {
			isa = XCBuildConfiguration;
			buildSettings = {
				ALWAYS_SEARCH_USER_PATHS = NO;
				ARCHS = "$(ARCHS_STANDARD_INCLUDING_64_BIT)";
				CLANG_CXX_LANGUAGE_STANDARD = "gnu++0x";
				CLANG_CXX_LIBRARY = "libc++";
				CLANG_ENABLE_MODULES = YES;
				CLANG_ENABLE_OBJC_ARC = YES;
				CLANG_WARN_BOOL_CONVERSION = YES;
				CLANG_WARN_CONSTANT_CONVERSION = YES;
				CLANG_WARN_DIRECT_OBJC_ISA_USAGE = YES_ERROR;
				CLANG_WARN_EMPTY_BODY = YES;
				CLANG_WARN_ENUM_CONVERSION = YES;
				CLANG_WARN_INT_CONVERSION = YES;
				CLANG_WARN_OBJC_ROOT_CLASS = YES_ERROR;
				CLANG_WARN__DUPLICATE_METHOD_MATCH = YES;
				"CODE_SIGN_IDENTITY[sdk=iphoneos*]" = "iPhone Developer";
				COPY_PHASE_STRIP = NO;
				GCC_C_LANGUAGE_STANDARD = gnu99;
				GCC_DYNAMIC_NO_PIC = NO;
				GCC_OPTIMIZATION_LEVEL = 0;
				GCC_PREPROCESSOR_DEFINITIONS = (
					"DEBUG=1",
					"$(inherited)",
				);
				GCC_SYMBOLS_PRIVATE_EXTERN = NO;
				GCC_WARN_64_TO_32_BIT_CONVERSION = YES;
				GCC_WARN_ABOUT_RETURN_TYPE = YES_ERROR;
				GCC_WARN_UNDECLARED_SELECTOR = YES;
				GCC_WARN_UNINITIALIZED_AUTOS = YES;
				GCC_WARN_UNUSED_FUNCTION = YES;
				GCC_WARN_UNUSED_VARIABLE = YES;
				IPHONEOS_DEPLOYMENT_TARGET = 7.0;
				ONLY_ACTIVE_ARCH = YES;
				SDKROOT = iphoneos;
			};
			name = Debug;
		};
		9CD7A6B118EDDA7800641DA9 /* Release */ = {
			isa = XCBuildConfiguration;
			buildSettings = {
				ALWAYS_SEARCH_USER_PATHS = NO;
				ARCHS = "$(ARCHS_STANDARD_INCLUDING_64_BIT)";
				CLANG_CXX_LANGUAGE_STANDARD = "gnu++0x";
				CLANG_CXX_LIBRARY = "libc++";
				CLANG_ENABLE_MODULES = YES;
				CLANG_ENABLE_OBJC_ARC = YES;
				CLANG_WARN_BOOL_CONVERSION = YES;
				CLANG_WARN_CONSTANT_CONVERSION = YES;
				CLANG_WARN_DIRECT_OBJC_ISA_USAGE = YES_ERROR;
				CLANG_WARN_EMPTY_BODY = YES;
				CLANG_WARN_ENUM_CONVERSION = YES;
				CLANG_WARN_INT_CONVERSION = YES;
				CLANG_WARN_OBJC_ROOT_CLASS = YES_ERROR;
				CLANG_WARN__DUPLICATE_METHOD_MATCH = YES;
				"CODE_SIGN_IDENTITY[sdk=iphoneos*]" = "iPhone Developer";
				COPY_PHASE_STRIP = YES;
				ENABLE_NS_ASSERTIONS = NO;
				GCC_C_LANGUAGE_STANDARD = gnu99;
				GCC_WARN_64_TO_32_BIT_CONVERSION = YES;
				GCC_WARN_ABOUT_RETURN_TYPE = YES_ERROR;
				GCC_WARN_UNDECLARED_SELECTOR = YES;
				GCC_WARN_UNINITIALIZED_AUTOS = YES;
				GCC_WARN_UNUSED_FUNCTION = YES;
				GCC_WARN_UNUSED_VARIABLE = YES;
				IPHONEOS_DEPLOYMENT_TARGET = 7.0;
				SDKROOT = iphoneos;
				VALIDATE_PRODUCT = YES;
			};
			name = Release;
		};
		9CD7A6B318EDDA7800641DA9 /* Debug */ = {
			isa = XCBuildConfiguration;
			buildSettings = {
				ASSETCATALOG_COMPILER_APPICON_NAME = AppIcon;
				ASSETCATALOG_COMPILER_LAUNCHIMAGE_NAME = LaunchImage;
				GCC_PRECOMPILE_PREFIX_HEADER = YES;
				GCC_PREFIX_HEADER = "Easay/Easay-Prefix.pch";
				INFOPLIST_FILE = "Easay/Easay-Info.plist";
				PRODUCT_NAME = "$(TARGET_NAME)";
				WRAPPER_EXTENSION = app;
			};
			name = Debug;
		};
		9CD7A6B418EDDA7800641DA9 /* Release */ = {
			isa = XCBuildConfiguration;
			buildSettings = {
				ASSETCATALOG_COMPILER_APPICON_NAME = AppIcon;
				ASSETCATALOG_COMPILER_LAUNCHIMAGE_NAME = LaunchImage;
				GCC_PRECOMPILE_PREFIX_HEADER = YES;
				GCC_PREFIX_HEADER = "Easay/Easay-Prefix.pch";
				INFOPLIST_FILE = "Easay/Easay-Info.plist";
				PRODUCT_NAME = "$(TARGET_NAME)";
				WRAPPER_EXTENSION = app;
			};
			name = Release;
		};
		9CD7A6B618EDDA7800641DA9 /* Debug */ = {
			isa = XCBuildConfiguration;
			buildSettings = {
				ARCHS = "$(ARCHS_STANDARD_INCLUDING_64_BIT)";
				BUNDLE_LOADER = "$(BUILT_PRODUCTS_DIR)/Easay.app/Easay";
				FRAMEWORK_SEARCH_PATHS = (
					"$(SDKROOT)/Developer/Library/Frameworks",
					"$(inherited)",
					"$(DEVELOPER_FRAMEWORKS_DIR)",
				);
				GCC_PRECOMPILE_PREFIX_HEADER = YES;
				GCC_PREFIX_HEADER = "Easay/Easay-Prefix.pch";
				GCC_PREPROCESSOR_DEFINITIONS = (
					"DEBUG=1",
					"$(inherited)",
				);
				INFOPLIST_FILE = "EasayTests/EasayTests-Info.plist";
				PRODUCT_NAME = "$(TARGET_NAME)";
				TEST_HOST = "$(BUNDLE_LOADER)";
				WRAPPER_EXTENSION = xctest;
			};
			name = Debug;
		};
		9CD7A6B718EDDA7800641DA9 /* Release */ = {
			isa = XCBuildConfiguration;
			buildSettings = {
				ARCHS = "$(ARCHS_STANDARD_INCLUDING_64_BIT)";
				BUNDLE_LOADER = "$(BUILT_PRODUCTS_DIR)/Easay.app/Easay";
				FRAMEWORK_SEARCH_PATHS = (
					"$(SDKROOT)/Developer/Library/Frameworks",
					"$(inherited)",
					"$(DEVELOPER_FRAMEWORKS_DIR)",
				);
				GCC_PRECOMPILE_PREFIX_HEADER = YES;
				GCC_PREFIX_HEADER = "Easay/Easay-Prefix.pch";
				INFOPLIST_FILE = "EasayTests/EasayTests-Info.plist";
				PRODUCT_NAME = "$(TARGET_NAME)";
				TEST_HOST = "$(BUNDLE_LOADER)";
				WRAPPER_EXTENSION = xctest;
			};
			name = Release;
		};
/* End XCBuildConfiguration section */

/* Begin XCConfigurationList section */
		9CD7A68118EDDA7800641DA9 /* Build configuration list for PBXProject "Easay" */ = {
			isa = XCConfigurationList;
			buildConfigurations = (
				9CD7A6B018EDDA7800641DA9 /* Debug */,
				9CD7A6B118EDDA7800641DA9 /* Release */,
			);
			defaultConfigurationIsVisible = 0;
			defaultConfigurationName = Release;
		};
		9CD7A6B218EDDA7800641DA9 /* Build configuration list for PBXNativeTarget "Easay" */ = {
			isa = XCConfigurationList;
			buildConfigurations = (
				9CD7A6B318EDDA7800641DA9 /* Debug */,
				9CD7A6B418EDDA7800641DA9 /* Release */,
			);
			defaultConfigurationIsVisible = 0;
		};
		9CD7A6B518EDDA7800641DA9 /* Build configuration list for PBXNativeTarget "EasayTests" */ = {
			isa = XCConfigurationList;
			buildConfigurations = (
				9CD7A6B618EDDA7800641DA9 /* Debug */,
				9CD7A6B718EDDA7800641DA9 /* Release */,
			);
			defaultConfigurationIsVisible = 0;
		};
/* End XCConfigurationList section */
	};
	rootObject = 9CD7A67E18EDDA7800641DA9 /* Project object */;
}
